{
  "version": 4,
  "terraform_version": "1.14.0",
  "serial": 75,
  "lineage": "f2ce71ef-4b86-49b5-2f05-89c621b92a04",
  "outputs": {
    "alb_dns_name": {
      "value": "MegaTicket-DR-ALB-1732444077.ap-northeast-1.elb.amazonaws.com",
      "type": "string"
    },
    "app_asg_name": {
      "value": "MegaTicket-DR-App-ASG",
      "type": "string"
    },
    "instructions": {
      "value": "    \r\n============================================================\r\n도쿄 DR 리전 인프라가 생성되었습니다!\r\n============================================================\r\n    \r\n1. DR ALB DNS로 접속하여 서비스 동작 확인:\r\n   http://MegaTicket-DR-ALB-1732444077.ap-northeast-1.elb.amazonaws.com\r\n    \r\n2. API 헬스체크:\r\n   http://MegaTicket-DR-ALB-1732444077.ap-northeast-1.elb.amazonaws.com/api/health\r\n    \r\n3. NLB DNS로 직접 API 접근:\r\n   http://MegaTicket-DR-NLB-1445fab28868a899.elb.ap-northeast-1.amazonaws.com:443\r\n    \r\n4. 인스턴스 상태 확인 (SSM으로 접속):\r\n   - pm2 list\r\n   - pm2 logs\r\n   - echo $AWS_REGION (ap-northeast-1 확인)\r\n   - echo $DR_RECOVERY_MODE (true 확인)\r\n    \r\n5. DynamoDB Global Table 데이터 확인:\r\n   - 서울에서 입력한 데이터가 도쿄에서도 조회되는지 확인\r\n    \r\n6. 테스트 완료 후 리소스 정리:\r\n   terraform destroy\r\n    \r\n============================================================\r\n주의: NAT Gateway는 시간당 과금됩니다. 테스트 후 반드시 destroy!\r\n============================================================\r\n",
      "type": "string"
    },
    "nlb_dns_name": {
      "value": "MegaTicket-DR-NLB-1445fab28868a899.elb.ap-northeast-1.amazonaws.com",
      "type": "string"
    },
    "private_subnet_ids": {
      "value": [
        "subnet-0805ebee3b51e0170",
        "subnet-0dbdc7d10244a1d04"
      ],
      "type": [
        "tuple",
        [
          "string",
          "string"
        ]
      ]
    },
    "public_subnet_ids": {
      "value": [
        "subnet-0c02174ef77869791",
        "subnet-0102e7571ca0ae7b3"
      ],
      "type": [
        "tuple",
        [
          "string",
          "string"
        ]
      ]
    },
    "route53_failover_status": {
      "value": "Failover configured",
      "type": "string"
    },
    "vpc_id": {
      "value": "vpc-0c44ffc9dd06f20fa",
      "type": "string"
    },
    "web_asg_name": {
      "value": "MegaTicket-DR-Web-ASG",
      "type": "string"
    }
  },
  "resources": [
    {
      "mode": "managed",
      "type": "aws_autoscaling_group",
      "name": "app",
      "provider": "provider[\"registry.terraform.io/hashicorp/aws\"]",
      "instances": [
        {
          "schema_version": 1,
          "attributes": {
            "arn": "arn:aws:autoscaling:ap-northeast-1:626614672806:autoScalingGroup:478e17ce-939d-49ea-958e-de4e8f3fd1d5:autoScalingGroupName/MegaTicket-DR-App-ASG",
            "availability_zone_distribution": [
              {
                "capacity_distribution_strategy": "balanced-best-effort"
              }
            ],
            "availability_zones": [
              "ap-northeast-1a",
              "ap-northeast-1c"
            ],
            "capacity_rebalance": false,
            "capacity_reservation_specification": [
              {
                "capacity_reservation_preference": "default",
                "capacity_reservation_target": []
              }
            ],
            "context": "",
            "default_cooldown": 300,
            "default_instance_warmup": 0,
            "desired_capacity": 1,
            "desired_capacity_type": "",
            "enabled_metrics": [],
            "force_delete": false,
            "force_delete_warm_pool": false,
            "health_check_grace_period": 300,
            "health_check_type": "ELB",
            "id": "MegaTicket-DR-App-ASG",
            "ignore_failed_scaling_activities": false,
            "initial_lifecycle_hook": [],
            "instance_maintenance_policy": [],
            "instance_refresh": [],
            "launch_configuration": "",
            "launch_template": [
              {
                "id": "lt-015474c37dfea9ca5",
                "name": "MegaTicket-DR-App-LT-20260105072227480900000003",
                "version": "$Latest"
              }
            ],
            "load_balancers": [],
            "max_instance_lifetime": 0,
            "max_size": 1,
            "metrics_granularity": "1Minute",
            "min_elb_capacity": null,
            "min_size": 1,
            "mixed_instances_policy": [],
            "name": "MegaTicket-DR-App-ASG",
            "name_prefix": "",
            "placement_group": "",
            "predicted_capacity": 0,
            "protect_from_scale_in": false,
            "service_linked_role_arn": "arn:aws:iam::626614672806:role/aws-service-role/autoscaling.amazonaws.com/AWSServiceRoleForAutoScaling",
            "suspended_processes": [],
            "tag": [
              {
                "key": "Name",
                "propagate_at_launch": true,
                "value": "MegaTicket-DR-App"
              }
            ],
            "target_group_arns": [
              "arn:aws:elasticloadbalancing:ap-northeast-1:626614672806:targetgroup/MegaTicket-DR-App-NLB-TG/8e14a977172fbe7d",
              "arn:aws:elasticloadbalancing:ap-northeast-1:626614672806:targetgroup/MegaTicket-DR-App-TG/e91070e88c42387d"
            ],
            "termination_policies": [],
            "timeouts": null,
            "traffic_source": [
              {
                "identifier": "arn:aws:elasticloadbalancing:ap-northeast-1:626614672806:targetgroup/MegaTicket-DR-App-NLB-TG/8e14a977172fbe7d",
                "type": "elbv2"
              },
              {
                "identifier": "arn:aws:elasticloadbalancing:ap-northeast-1:626614672806:targetgroup/MegaTicket-DR-App-TG/e91070e88c42387d",
                "type": "elbv2"
              }
            ],
            "vpc_zone_identifier": [
              "subnet-0805ebee3b51e0170",
              "subnet-0dbdc7d10244a1d04"
            ],
            "wait_for_capacity_timeout": "10m",
            "wait_for_elb_capacity": null,
            "warm_pool": [],
            "warm_pool_size": 0
          },
          "sensitive_attributes": [],
          "identity_schema_version": 0,
          "private": "eyJlMmJmYjczMC1lY2FhLTExZTYtOGY4OC0zNDM2M2JjN2M0YzAiOnsiZGVsZXRlIjo2MDAwMDAwMDAwMDAsInVwZGF0ZSI6NjAwMDAwMDAwMDAwfSwic2NoZW1hX3ZlcnNpb24iOiIxIn0=",
          "dependencies": [
            "aws_iam_instance_profile.ec2_profile",
            "aws_iam_role.ec2_role",
            "aws_launch_template.app",
            "aws_lb_target_group.app",
            "aws_lb_target_group.app_nlb",
            "aws_security_group.alb",
            "aws_security_group.app",
            "aws_security_group.web",
            "aws_subnet.private_a",
            "aws_subnet.private_c",
            "aws_vpc.dr"
          ],
          "create_before_destroy": true
        }
      ]
    },
    {
      "mode": "managed",
      "type": "aws_autoscaling_group",
      "name": "web",
      "provider": "provider[\"registry.terraform.io/hashicorp/aws\"]",
      "instances": [
        {
          "schema_version": 1,
          "attributes": {
            "arn": "arn:aws:autoscaling:ap-northeast-1:626614672806:autoScalingGroup:258109de-0a9d-4c2b-a7db-268b5644fdb8:autoScalingGroupName/MegaTicket-DR-Web-ASG",
            "availability_zone_distribution": [
              {
                "capacity_distribution_strategy": "balanced-best-effort"
              }
            ],
            "availability_zones": [
              "ap-northeast-1a",
              "ap-northeast-1c"
            ],
            "capacity_rebalance": false,
            "capacity_reservation_specification": [
              {
                "capacity_reservation_preference": "default",
                "capacity_reservation_target": []
              }
            ],
            "context": "",
            "default_cooldown": 300,
            "default_instance_warmup": 0,
            "desired_capacity": 1,
            "desired_capacity_type": "",
            "enabled_metrics": [],
            "force_delete": false,
            "force_delete_warm_pool": false,
            "health_check_grace_period": 300,
            "health_check_type": "ELB",
            "id": "MegaTicket-DR-Web-ASG",
            "ignore_failed_scaling_activities": false,
            "initial_lifecycle_hook": [],
            "instance_maintenance_policy": [],
            "instance_refresh": [],
            "launch_configuration": "",
            "launch_template": [
              {
                "id": "lt-06aafbdfba63a5bd1",
                "name": "MegaTicket-DR-Web-LT-20260105072227480900000001",
                "version": "$Latest"
              }
            ],
            "load_balancers": [],
            "max_instance_lifetime": 0,
            "max_size": 1,
            "metrics_granularity": "1Minute",
            "min_elb_capacity": null,
            "min_size": 1,
            "mixed_instances_policy": [],
            "name": "MegaTicket-DR-Web-ASG",
            "name_prefix": "",
            "placement_group": "",
            "predicted_capacity": 0,
            "protect_from_scale_in": false,
            "service_linked_role_arn": "arn:aws:iam::626614672806:role/aws-service-role/autoscaling.amazonaws.com/AWSServiceRoleForAutoScaling",
            "suspended_processes": [],
            "tag": [
              {
                "key": "Name",
                "propagate_at_launch": true,
                "value": "MegaTicket-DR-Web"
              }
            ],
            "target_group_arns": [
              "arn:aws:elasticloadbalancing:ap-northeast-1:626614672806:targetgroup/MegaTicket-DR-Web-TG/2bf374072f419101"
            ],
            "termination_policies": [],
            "timeouts": null,
            "traffic_source": [
              {
                "identifier": "arn:aws:elasticloadbalancing:ap-northeast-1:626614672806:targetgroup/MegaTicket-DR-Web-TG/2bf374072f419101",
                "type": "elbv2"
              }
            ],
            "vpc_zone_identifier": [
              "subnet-0805ebee3b51e0170",
              "subnet-0dbdc7d10244a1d04"
            ],
            "wait_for_capacity_timeout": "10m",
            "wait_for_elb_capacity": null,
            "warm_pool": [],
            "warm_pool_size": 0
          },
          "sensitive_attributes": [],
          "identity_schema_version": 0,
          "private": "eyJlMmJmYjczMC1lY2FhLTExZTYtOGY4OC0zNDM2M2JjN2M0YzAiOnsiZGVsZXRlIjo2MDAwMDAwMDAwMDAsInVwZGF0ZSI6NjAwMDAwMDAwMDAwfSwic2NoZW1hX3ZlcnNpb24iOiIxIn0=",
          "dependencies": [
            "aws_iam_instance_profile.ec2_profile",
            "aws_iam_role.ec2_role",
            "aws_launch_template.web",
            "aws_lb_target_group.web",
            "aws_security_group.alb",
            "aws_security_group.web",
            "aws_subnet.private_a",
            "aws_subnet.private_c",
            "aws_vpc.dr"
          ],
          "create_before_destroy": true
        }
      ]
    },
    {
      "mode": "managed",
      "type": "aws_eip",
      "name": "nat",
      "provider": "provider[\"registry.terraform.io/hashicorp/aws\"]",
      "instances": [
        {
          "schema_version": 0,
          "attributes": {
            "address": null,
            "allocation_id": "eipalloc-0c1c5add14ac34530",
            "arn": "arn:aws:ec2:ap-northeast-1:626614672806:elastic-ip/eipalloc-0c1c5add14ac34530",
            "associate_with_private_ip": null,
            "association_id": "eipassoc-0e262aca3d8de7406",
            "carrier_ip": "",
            "customer_owned_ip": "",
            "customer_owned_ipv4_pool": "",
            "domain": "vpc",
            "id": "eipalloc-0c1c5add14ac34530",
            "instance": "",
            "ipam_pool_id": null,
            "network_border_group": "ap-northeast-1",
            "network_interface": "eni-0794c3d5f86d93eac",
            "private_dns": "ip-10-1-0-41.ap-northeast-1.compute.internal",
            "private_ip": "10.1.0.41",
            "ptr_record": "",
            "public_dns": "ec2-52-196-125-155.ap-northeast-1.compute.amazonaws.com",
            "public_ip": "52.196.125.155",
            "public_ipv4_pool": "amazon",
            "tags": {
              "Name": "MegaTicket-DR-NAT-EIP"
            },
            "tags_all": {
              "Environment": "test-DR",
              "ManagedBy": "Terraform",
              "Name": "MegaTicket-DR-NAT-EIP",
              "Project": "MegaTicket"
            },
            "timeouts": null,
            "vpc": true
          },
          "sensitive_attributes": [],
          "identity_schema_version": 0,
          "private": "eyJlMmJmYjczMC1lY2FhLTExZTYtOGY4OC0zNDM2M2JjN2M0YzAiOnsiZGVsZXRlIjoxODAwMDAwMDAwMDAsInJlYWQiOjkwMDAwMDAwMDAwMCwidXBkYXRlIjozMDAwMDAwMDAwMDB9fQ=="
        }
      ]
    },
    {
      "mode": "managed",
      "type": "aws_iam_instance_profile",
      "name": "ec2_profile",
      "provider": "provider[\"registry.terraform.io/hashicorp/aws\"]",
      "instances": [
        {
          "schema_version": 0,
          "attributes": {
            "arn": "arn:aws:iam::626614672806:instance-profile/MegaTicket-DR-EC2-Profile",
            "create_date": "2026-01-05T07:18:47Z",
            "id": "MegaTicket-DR-EC2-Profile",
            "name": "MegaTicket-DR-EC2-Profile",
            "name_prefix": "",
            "path": "/",
            "role": "MegaTicket-DR-EC2-Role",
            "tags": {},
            "tags_all": {
              "Environment": "test-DR",
              "ManagedBy": "Terraform",
              "Project": "MegaTicket"
            },
            "unique_id": "AIPAZDZJFDWTEPLSMADAA"
          },
          "sensitive_attributes": [],
          "identity_schema_version": 0,
          "private": "bnVsbA==",
          "dependencies": [
            "aws_iam_role.ec2_role"
          ],
          "create_before_destroy": true
        }
      ]
    },
    {
      "mode": "managed",
      "type": "aws_iam_role",
      "name": "ec2_role",
      "provider": "provider[\"registry.terraform.io/hashicorp/aws\"]",
      "instances": [
        {
          "schema_version": 0,
          "attributes": {
            "arn": "arn:aws:iam::626614672806:role/MegaTicket-DR-EC2-Role",
            "assume_role_policy": "{\"Statement\":[{\"Action\":\"sts:AssumeRole\",\"Effect\":\"Allow\",\"Principal\":{\"Service\":\"ec2.amazonaws.com\"}}],\"Version\":\"2012-10-17\"}",
            "create_date": "2026-01-05T07:18:46Z",
            "description": "",
            "force_detach_policies": false,
            "id": "MegaTicket-DR-EC2-Role",
            "inline_policy": [
              {
                "name": "MegaTicket-DR-Bedrock-Policy",
                "policy": "{\"Version\":\"2012-10-17\",\"Statement\":[{\"Action\":[\"bedrock:InvokeModel\",\"bedrock:InvokeModelWithResponseStream\",\"bedrock:Converse\",\"bedrock:ConverseStream\"],\"Effect\":\"Allow\",\"Resource\":[\"arn:aws:bedrock:*::foundation-model/anthropic.*\",\"arn:aws:bedrock:*::foundation-model/amazon.*\",\"arn:aws:bedrock:*:*:inference-profile/*\"],\"Sid\":\"BedrockInvokeAndConverse\"}]}"
              },
              {
                "name": "MegaTicket-DR-CloudWatch-Policy",
                "policy": "{\"Version\":\"2012-10-17\",\"Statement\":[{\"Action\":[\"logs:CreateLogGroup\",\"logs:CreateLogStream\",\"logs:PutLogEvents\"],\"Effect\":\"Allow\",\"Resource\":\"arn:aws:logs:*:*:*\",\"Sid\":\"CloudWatchLogs\"}]}"
              },
              {
                "name": "MegaTicket-DR-DynamoDB-MinimalAccess",
                "policy": "{\"Version\":\"2012-10-17\",\"Statement\":[{\"Action\":[\"dynamodb:GetItem\",\"dynamodb:PutItem\",\"dynamodb:UpdateItem\",\"dynamodb:DeleteItem\",\"dynamodb:Query\",\"dynamodb:Scan\",\"dynamodb:TransactWriteItems\",\"dynamodb:BatchWriteItem\",\"dynamodb:BatchGetItem\"],\"Effect\":\"Allow\",\"Resource\":[\"arn:aws:dynamodb:ap-northeast-1:*:table/KDT-Msp4-PLDR-*\",\"arn:aws:dynamodb:ap-northeast-1:*:table/KDT-Msp4-PLDR-*/index/*\"],\"Sid\":\"DynamoDBMinimalAccess\"}]}"
              }
            ],
            "managed_policy_arns": [
              "arn:aws:iam::aws:policy/AmazonSSMManagedInstanceCore"
            ],
            "max_session_duration": 3600,
            "name": "MegaTicket-DR-EC2-Role",
            "name_prefix": "",
            "path": "/",
            "permissions_boundary": "",
            "tags": {
              "Name": "MegaTicket-DR-EC2-Role"
            },
            "tags_all": {
              "Environment": "test-DR",
              "ManagedBy": "Terraform",
              "Name": "MegaTicket-DR-EC2-Role",
              "Project": "MegaTicket"
            },
            "unique_id": "AROAZDZJFDWTA2I6A5FAY"
          },
          "sensitive_attributes": [],
          "identity_schema_version": 0,
          "private": "bnVsbA==",
          "create_before_destroy": true
        }
      ]
    },
    {
      "mode": "managed",
      "type": "aws_iam_role_policy",
      "name": "bedrock_policy",
      "provider": "provider[\"registry.terraform.io/hashicorp/aws\"]",
      "instances": [
        {
          "schema_version": 0,
          "attributes": {
            "id": "MegaTicket-DR-EC2-Role:MegaTicket-DR-Bedrock-Policy",
            "name": "MegaTicket-DR-Bedrock-Policy",
            "name_prefix": "",
            "policy": "{\"Version\":\"2012-10-17\",\"Statement\":[{\"Action\":[\"bedrock:InvokeModel\",\"bedrock:InvokeModelWithResponseStream\",\"bedrock:Converse\",\"bedrock:ConverseStream\"],\"Effect\":\"Allow\",\"Resource\":[\"arn:aws:bedrock:*::foundation-model/anthropic.*\",\"arn:aws:bedrock:*::foundation-model/amazon.*\",\"arn:aws:bedrock:*:*:inference-profile/*\"],\"Sid\":\"BedrockInvokeAndConverse\"}]}",
            "role": "MegaTicket-DR-EC2-Role"
          },
          "sensitive_attributes": [],
          "identity_schema_version": 0,
          "private": "bnVsbA==",
          "dependencies": [
            "aws_iam_role.ec2_role"
          ]
        }
      ]
    },
    {
      "mode": "managed",
      "type": "aws_iam_role_policy",
      "name": "cloudwatch_policy",
      "provider": "provider[\"registry.terraform.io/hashicorp/aws\"]",
      "instances": [
        {
          "schema_version": 0,
          "attributes": {
            "id": "MegaTicket-DR-EC2-Role:MegaTicket-DR-CloudWatch-Policy",
            "name": "MegaTicket-DR-CloudWatch-Policy",
            "name_prefix": "",
            "policy": "{\"Version\":\"2012-10-17\",\"Statement\":[{\"Action\":[\"logs:CreateLogGroup\",\"logs:CreateLogStream\",\"logs:PutLogEvents\"],\"Effect\":\"Allow\",\"Resource\":\"arn:aws:logs:*:*:*\",\"Sid\":\"CloudWatchLogs\"}]}",
            "role": "MegaTicket-DR-EC2-Role"
          },
          "sensitive_attributes": [],
          "identity_schema_version": 0,
          "private": "bnVsbA==",
          "dependencies": [
            "aws_iam_role.ec2_role"
          ]
        }
      ]
    },
    {
      "mode": "managed",
      "type": "aws_iam_role_policy",
      "name": "dynamodb_policy",
      "provider": "provider[\"registry.terraform.io/hashicorp/aws\"]",
      "instances": [
        {
          "schema_version": 0,
          "attributes": {
            "id": "MegaTicket-DR-EC2-Role:MegaTicket-DR-DynamoDB-MinimalAccess",
            "name": "MegaTicket-DR-DynamoDB-MinimalAccess",
            "name_prefix": "",
            "policy": "{\"Version\":\"2012-10-17\",\"Statement\":[{\"Action\":[\"dynamodb:GetItem\",\"dynamodb:PutItem\",\"dynamodb:UpdateItem\",\"dynamodb:DeleteItem\",\"dynamodb:Query\",\"dynamodb:Scan\",\"dynamodb:TransactWriteItems\",\"dynamodb:BatchWriteItem\",\"dynamodb:BatchGetItem\"],\"Effect\":\"Allow\",\"Resource\":[\"arn:aws:dynamodb:ap-northeast-1:*:table/KDT-Msp4-PLDR-*\",\"arn:aws:dynamodb:ap-northeast-1:*:table/KDT-Msp4-PLDR-*/index/*\"],\"Sid\":\"DynamoDBMinimalAccess\"}]}",
            "role": "MegaTicket-DR-EC2-Role"
          },
          "sensitive_attributes": [],
          "identity_schema_version": 0,
          "private": "bnVsbA==",
          "dependencies": [
            "aws_iam_role.ec2_role"
          ]
        }
      ]
    },
    {
      "mode": "managed",
      "type": "aws_iam_role_policy_attachment",
      "name": "ssm",
      "provider": "provider[\"registry.terraform.io/hashicorp/aws\"]",
      "instances": [
        {
          "schema_version": 0,
          "attributes": {
            "id": "MegaTicket-DR-EC2-Role-20260105071847763400000001",
            "policy_arn": "arn:aws:iam::aws:policy/AmazonSSMManagedInstanceCore",
            "role": "MegaTicket-DR-EC2-Role"
          },
          "sensitive_attributes": [],
          "identity_schema_version": 0,
          "private": "bnVsbA==",
          "dependencies": [
            "aws_iam_role.ec2_role"
          ]
        }
      ]
    },
    {
      "mode": "managed",
      "type": "aws_internet_gateway",
      "name": "dr",
      "provider": "provider[\"registry.terraform.io/hashicorp/aws\"]",
      "instances": [
        {
          "schema_version": 0,
          "attributes": {
            "arn": "arn:aws:ec2:ap-northeast-1:626614672806:internet-gateway/igw-0b3242e3556c4a093",
            "id": "igw-0b3242e3556c4a093",
            "owner_id": "626614672806",
            "tags": {
              "Name": "MegaTicket-DR-IGW"
            },
            "tags_all": {
              "Environment": "test-DR",
              "ManagedBy": "Terraform",
              "Name": "MegaTicket-DR-IGW",
              "Project": "MegaTicket"
            },
            "timeouts": null,
            "vpc_id": "vpc-0c44ffc9dd06f20fa"
          },
          "sensitive_attributes": [],
          "identity_schema_version": 0,
          "private": "eyJlMmJmYjczMC1lY2FhLTExZTYtOGY4OC0zNDM2M2JjN2M0YzAiOnsiY3JlYXRlIjoxMjAwMDAwMDAwMDAwLCJkZWxldGUiOjEyMDAwMDAwMDAwMDAsInVwZGF0ZSI6MTIwMDAwMDAwMDAwMH19",
          "dependencies": [
            "aws_vpc.dr"
          ]
        }
      ]
    },
    {
      "mode": "managed",
      "type": "aws_launch_template",
      "name": "app",
      "provider": "provider[\"registry.terraform.io/hashicorp/aws\"]",
      "instances": [
        {
          "schema_version": 0,
          "attributes": {
            "arn": "arn:aws:ec2:ap-northeast-1:626614672806:launch-template/lt-015474c37dfea9ca5",
            "block_device_mappings": [],
            "capacity_reservation_specification": [],
            "cpu_options": [],
            "credit_specification": [],
            "default_version": 1,
            "description": "",
            "disable_api_stop": false,
            "disable_api_termination": false,
            "ebs_optimized": "",
            "elastic_gpu_specifications": [],
            "elastic_inference_accelerator": [],
            "enclave_options": [],
            "hibernation_options": [],
            "iam_instance_profile": [
              {
                "arn": "",
                "name": "MegaTicket-DR-EC2-Profile"
              }
            ],
            "id": "lt-015474c37dfea9ca5",
            "image_id": "ami-06d71ad672bf7af72",
            "instance_initiated_shutdown_behavior": "",
            "instance_market_options": [],
            "instance_requirements": [],
            "instance_type": "t2.medium",
            "kernel_id": "",
            "key_name": "seungwan_tokyo",
            "latest_version": 4,
            "license_specification": [],
            "maintenance_options": [],
            "metadata_options": [],
            "monitoring": [],
            "name": "MegaTicket-DR-App-LT-20260105072227480900000003",
            "name_prefix": "MegaTicket-DR-App-LT-",
            "network_interfaces": [],
            "placement": [],
            "private_dns_name_options": [],
            "ram_disk_id": "",
            "security_group_names": [],
            "tag_specifications": [
              {
                "resource_type": "instance",
                "tags": {
                  "Name": "MegaTicket-DR-App"
                }
              }
            ],
            "tags": {},
            "tags_all": {
              "Environment": "test-DR",
              "ManagedBy": "Terraform",
              "Project": "MegaTicket"
            },
            "update_default_version": null,
            "user_data": "IyEvYmluL2Jhc2gNCnNldCAtZQ0KICAgIA0KIyDroZzqt7gg7YyM7J28IOyEpOyglQ0KZXhlYyA+ID4odGVlIC92YXIvbG9nL3VzZXItZGF0YS5sb2d8bG9nZ2VyIC10IHVzZXItZGF0YSAtcyAyPi9kZXYvY29uc29sZSkgMj4mMQ0KZWNobyAiPT09IERSIFVzZXIgRGF0YSBTY3JpcHQgU3RhcnRlZDogJChkYXRlKSA9PT0iDQogICAgDQpVU0VSX0hPTUU9L2hvbWUvZWMyLXVzZXINCkRSX1NUQVJUX1RJTUU9JChkYXRlIC11ICsiJVktJW0tJWRUJUg6JU06JVNaIikNCiAgICANCiMgMS4gRFIg66as7KCEIO2ZmOqyveuzgOyImCDshKTsoJUgKC5iYXNocmPsl5Ag7LaU6rCAKQ0KZWNobyAiPT09IFNldHRpbmcgRFIgRW52aXJvbm1lbnQgVmFyaWFibGVzID09PSINCnN1ZG8gLXUgZWMyLXVzZXIgYmFzaCAtYyAiZWNobyAnZXhwb3J0IEFXU19SRUdJT049YXAtbm9ydGhlYXN0LTEnID4+ICRVU0VSX0hPTUUvLmJhc2hyYyINCnN1ZG8gLXUgZWMyLXVzZXIgYmFzaCAtYyAiZWNobyAnZXhwb3J0IERSX1JFQ09WRVJZX01PREU9dHJ1ZScgPj4gJFVTRVJfSE9NRS8uYmFzaHJjIg0Kc3VkbyAtdSBlYzItdXNlciBiYXNoIC1jICJlY2hvICdleHBvcnQgRFJfUkVDT1ZFUllfU1RBUlRfVElNRT0kRFJfU1RBUlRfVElNRScgPj4gJFVTRVJfSE9NRS8uYmFzaHJjIg0Kc3VkbyAtdSBlYzItdXNlciBiYXNoIC1jICJlY2hvICdleHBvcnQgRFJfR1JBQ0VfUEVSSU9EX01JTlVURVM9MzAnID4+ICRVU0VSX0hPTUUvLmJhc2hyYyINCiAgICANCiMgMi4gUE0yIOq2jO2VnCDsiJjsoJUgKO2VhOyalOyLnCkNCnN1ZG8gY2hvd24gLVIgZWMyLXVzZXI6ZWMyLXVzZXIgJFVTRVJfSE9NRS8ucG0yIDI+L2Rldi9udWxsIHx8IHRydWUNCiAgICANCiMgMy4gUE0yIOyerOyLnOyekSAo64uo7IicIOuqheugueyWtCDrsKnsi50pDQplY2hvICI9PT0gUmVzdGFydGluZyBQTTIgd2l0aCBEUiBFbnZpcm9ubWVudCA9PT0iDQpEUl9TVEFSVF9USU1FPSQoZGF0ZSAtdSArIiVZLSVtLSVkVCVIOiVNOiVTWiIpDQogICAgDQojIFBNMiDquLDsobQg7ZSE66Gc7IS47IqkIOyCreygnCDtm4Qg7ZmY6rK967OA7IiY7JmAIO2VqOq7mCDsnqzsi5zsnpENCnN1ZG8gLXUgZWMyLXVzZXIgYmFzaCAtYyAic291cmNlIFwkSE9NRS8ubnZtL252bS5zaCAmJiBjZCBcJEhPTUUvbWVnYXRpY2tldC9hcHBzL2FwcCAmJiBwbTIgZGVsZXRlIGFwcC1iYWNrZW5kIDI+L2Rldi9udWxsIHx8IHRydWUiDQpzdWRvIC11IGVjMi11c2VyIGJhc2ggLWMgInNvdXJjZSBcJEhPTUUvLm52bS9udm0uc2ggJiYgY2QgXCRIT01FL21lZ2F0aWNrZXQvYXBwcy9hcHAgJiYgZXhwb3J0IEFXU19SRUdJT049YXAtbm9ydGhlYXN0LTEgJiYgZXhwb3J0IERSX1JFQ09WRVJZX01PREU9dHJ1ZSAmJiBleHBvcnQgRFJfUkVDT1ZFUllfU1RBUlRfVElNRT0kRFJfU1RBUlRfVElNRSAmJiBleHBvcnQgRFJfR1JBQ0VfUEVSSU9EX01JTlVURVM9MzAgJiYgcG0yIHN0YXJ0IG5wbSAtLW5hbWUgJ2FwcC1iYWNrZW5kJyAtLSBzdGFydCAtLSAtSCAwLjAuMC4wIC1wIDMwMDEiDQpzdWRvIC11IGVjMi11c2VyIGJhc2ggLWMgInNvdXJjZSBcJEhPTUUvLm52bS9udm0uc2ggJiYgcG0yIHNhdmUiDQogICAgDQplY2hvICI9PT0gRFIgVXNlciBEYXRhIFNjcmlwdCBDb21wbGV0ZWQ6ICQoZGF0ZSkgPT09Ig0K",
            "vpc_security_group_ids": [
              "sg-0088548c6b41b9300"
            ]
          },
          "sensitive_attributes": [],
          "identity_schema_version": 0,
          "private": "bnVsbA==",
          "dependencies": [
            "aws_iam_instance_profile.ec2_profile",
            "aws_iam_role.ec2_role",
            "aws_security_group.alb",
            "aws_security_group.app",
            "aws_security_group.web",
            "aws_vpc.dr"
          ],
          "create_before_destroy": true
        }
      ]
    },
    {
      "mode": "managed",
      "type": "aws_launch_template",
      "name": "web",
      "provider": "provider[\"registry.terraform.io/hashicorp/aws\"]",
      "instances": [
        {
          "schema_version": 0,
          "attributes": {
            "arn": "arn:aws:ec2:ap-northeast-1:626614672806:launch-template/lt-06aafbdfba63a5bd1",
            "block_device_mappings": [],
            "capacity_reservation_specification": [],
            "cpu_options": [],
            "credit_specification": [],
            "default_version": 1,
            "description": "",
            "disable_api_stop": false,
            "disable_api_termination": false,
            "ebs_optimized": "",
            "elastic_gpu_specifications": [],
            "elastic_inference_accelerator": [],
            "enclave_options": [],
            "hibernation_options": [],
            "iam_instance_profile": [
              {
                "arn": "",
                "name": "MegaTicket-DR-EC2-Profile"
              }
            ],
            "id": "lt-06aafbdfba63a5bd1",
            "image_id": "ami-07892de1e920f02a3",
            "instance_initiated_shutdown_behavior": "",
            "instance_market_options": [],
            "instance_requirements": [],
            "instance_type": "t2.medium",
            "kernel_id": "",
            "key_name": "seungwan_tokyo",
            "latest_version": 4,
            "license_specification": [],
            "maintenance_options": [],
            "metadata_options": [],
            "monitoring": [],
            "name": "MegaTicket-DR-Web-LT-20260105072227480900000001",
            "name_prefix": "MegaTicket-DR-Web-LT-",
            "network_interfaces": [],
            "placement": [],
            "private_dns_name_options": [],
            "ram_disk_id": "",
            "security_group_names": [],
            "tag_specifications": [
              {
                "resource_type": "instance",
                "tags": {
                  "Name": "MegaTicket-DR-Web"
                }
              }
            ],
            "tags": {},
            "tags_all": {
              "Environment": "test-DR",
              "ManagedBy": "Terraform",
              "Project": "MegaTicket"
            },
            "update_default_version": null,
            "user_data": "IyEvYmluL2Jhc2gNCnNldCAtZQ0KICAgIA0KIyDroZzqt7gg7YyM7J28IOyEpOyglQ0KZXhlYyA+ID4odGVlIC92YXIvbG9nL3VzZXItZGF0YS5sb2d8bG9nZ2VyIC10IHVzZXItZGF0YSAtcyAyPi9kZXYvY29uc29sZSkgMj4mMQ0KZWNobyAiPT09IERSIFVzZXIgRGF0YSBTY3JpcHQgU3RhcnRlZDogJChkYXRlKSA9PT0iDQogICAgDQpVU0VSX0hPTUU9L2hvbWUvZWMyLXVzZXINCkRSX1NUQVJUX1RJTUU9JChkYXRlIC11ICsiJVktJW0tJWRUJUg6JU06JVNaIikNCiAgICANCiMgMS4gRFIg66as7KCEIO2ZmOqyveuzgOyImCDshKTsoJUgKC5iYXNocmPsl5Ag7LaU6rCAKQ0KZWNobyAiPT09IFNldHRpbmcgRFIgRW52aXJvbm1lbnQgVmFyaWFibGVzID09PSINCnN1ZG8gLXUgZWMyLXVzZXIgYmFzaCAtYyAiZWNobyAnZXhwb3J0IEFXU19SRUdJT049YXAtbm9ydGhlYXN0LTEnID4+ICRVU0VSX0hPTUUvLmJhc2hyYyINCnN1ZG8gLXUgZWMyLXVzZXIgYmFzaCAtYyAiZWNobyAnZXhwb3J0IE5FWFRfUFVCTElDX0FXU19SRUdJT049YXAtbm9ydGhlYXN0LTEnID4+ICRVU0VSX0hPTUUvLmJhc2hyYyINCnN1ZG8gLXUgZWMyLXVzZXIgYmFzaCAtYyAiZWNobyAnZXhwb3J0IElOVEVSTkFMX0FQSV9VUkw9aHR0cHM6Ly9waWxvdGxpZ2h0LXRlc3QuY2xpY2snID4+ICRVU0VSX0hPTUUvLmJhc2hyYyINCnN1ZG8gLXUgZWMyLXVzZXIgYmFzaCAtYyAiZWNobyAnZXhwb3J0IERSX1JFQ09WRVJZX01PREU9dHJ1ZScgPj4gJFVTRVJfSE9NRS8uYmFzaHJjIg0Kc3VkbyAtdSBlYzItdXNlciBiYXNoIC1jICJlY2hvICdleHBvcnQgRFJfUkVDT1ZFUllfU1RBUlRfVElNRT0kRFJfU1RBUlRfVElNRScgPj4gJFVTRVJfSE9NRS8uYmFzaHJjIg0Kc3VkbyAtdSBlYzItdXNlciBiYXNoIC1jICJlY2hvICdleHBvcnQgRFJfR1JBQ0VfUEVSSU9EX01JTlVURVM9MzAnID4+ICRVU0VSX0hPTUUvLmJhc2hyYyINCiAgICANCiMgMi4gLmVudi5sb2NhbCDtjIzsnbwg7IiY7KCVICjrj4Tsv4Qg66as7KCE7Jy866GcIOuzgOqyvSkNCmVjaG8gIj09PSBVcGRhdGluZyAuZW52LmxvY2FsID09PSINCmNkICRVU0VSX0hPTUUvbWVnYXRpY2tldC9hcHBzL3dlYg0KaWYgWyAtZiAuZW52LmxvY2FsIF07IHRoZW4NCiAgICBzZWQgLWkgJ3MvYXAtbm9ydGhlYXN0LTIvYXAtbm9ydGhlYXN0LTEvZycgLmVudi5sb2NhbA0KICAgIGdyZXAgLXEgIkFXU19SRUdJT04iIC5lbnYubG9jYWwgfHwgZWNobyAiQVdTX1JFR0lPTj1hcC1ub3J0aGVhc3QtMSIgPj4gLmVudi5sb2NhbA0KICAgIGdyZXAgLXEgIk5FWFRfUFVCTElDX0FXU19SRUdJT04iIC5lbnYubG9jYWwgfHwgZWNobyAiTkVYVF9QVUJMSUNfQVdTX1JFR0lPTj1hcC1ub3J0aGVhc3QtMSIgPj4gLmVudi5sb2NhbA0KICAgIGdyZXAgLXEgIkRSX1JFQ09WRVJZX01PREUiIC5lbnYubG9jYWwgfHwgZWNobyAiRFJfUkVDT1ZFUllfTU9ERT10cnVlIiA+PiAuZW52LmxvY2FsDQogICAgZ3JlcCAtcSAiRFJfUkVDT1ZFUllfU1RBUlRfVElNRSIgLmVudi5sb2NhbCB8fCBlY2hvICJEUl9SRUNPVkVSWV9TVEFSVF9USU1FPSREUl9TVEFSVF9USU1FIiA+PiAuZW52LmxvY2FsDQogICAgZ3JlcCAtcSAiRFJfR1JBQ0VfUEVSSU9EX01JTlVURVMiIC5lbnYubG9jYWwgfHwgZWNobyAiRFJfR1JBQ0VfUEVSSU9EX01JTlVURVM9MzAiID4+IC5lbnYubG9jYWwNCmZpDQogICAgDQojIDMuIFBNMiDqtoztlZwg7IiY7KCVICjtlYTsmpTsi5wpDQpzdWRvIGNob3duIC1SIGVjMi11c2VyOmVjMi11c2VyICRVU0VSX0hPTUUvLnBtMiAyPi9kZXYvbnVsbCB8fCB0cnVlDQogICAgDQojIDQuIFBNMiDsnqzsi5zsnpEgKOuLqOyInCDrqoXroLnslrQg67Cp7IudKQ0KZWNobyAiPT09IFJlc3RhcnRpbmcgUE0yIHdpdGggRFIgRW52aXJvbm1lbnQgPT09Ig0KRFJfU1RBUlRfVElNRT0kKGRhdGUgLXUgKyIlWS0lbS0lZFQlSDolTTolU1oiKQ0KICAgIA0KIyBQTTIg6riw7KG0IO2UhOuhnOyEuOyKpCDsgq3soJwg7ZuEIO2ZmOqyveuzgOyImOyZgCDtlajqu5gg7J6s7Iuc7J6RDQpzdWRvIC11IGVjMi11c2VyIGJhc2ggLWMgInNvdXJjZSBcJEhPTUUvLm52bS9udm0uc2ggJiYgY2QgXCRIT01FL21lZ2F0aWNrZXQvYXBwcy93ZWIgJiYgcG0yIGRlbGV0ZSB3ZWItZnJvbnRlbmQgMj4vZGV2L251bGwgfHwgdHJ1ZSINCnN1ZG8gLXUgZWMyLXVzZXIgYmFzaCAtYyAic291cmNlIFwkSE9NRS8ubnZtL252bS5zaCAmJiBjZCBcJEhPTUUvbWVnYXRpY2tldC9hcHBzL3dlYiAmJiBleHBvcnQgQVdTX1JFR0lPTj1hcC1ub3J0aGVhc3QtMSAmJiBleHBvcnQgTkVYVF9QVUJMSUNfQVdTX1JFR0lPTj1hcC1ub3J0aGVhc3QtMSAmJiBleHBvcnQgRFJfUkVDT1ZFUllfTU9ERT10cnVlICYmIGV4cG9ydCBEUl9SRUNPVkVSWV9TVEFSVF9USU1FPSREUl9TVEFSVF9USU1FICYmIGV4cG9ydCBEUl9HUkFDRV9QRVJJT0RfTUlOVVRFUz0zMCAmJiBwbTIgc3RhcnQgbnBtIC0tbmFtZSAnd2ViLWZyb250ZW5kJyAtLSBzdGFydCAtLSAtSCAwLjAuMC4wIC1wIDMwMDAiDQpzdWRvIC11IGVjMi11c2VyIGJhc2ggLWMgInNvdXJjZSBcJEhPTUUvLm52bS9udm0uc2ggJiYgcG0yIHNhdmUiDQogICAgDQplY2hvICI9PT0gRFIgVXNlciBEYXRhIFNjcmlwdCBDb21wbGV0ZWQ6ICQoZGF0ZSkgPT09Ig0K",
            "vpc_security_group_ids": [
              "sg-09d00abf8fb88bc15"
            ]
          },
          "sensitive_attributes": [],
          "identity_schema_version": 0,
          "private": "bnVsbA==",
          "dependencies": [
            "aws_iam_instance_profile.ec2_profile",
            "aws_iam_role.ec2_role",
            "aws_security_group.alb",
            "aws_security_group.web",
            "aws_vpc.dr"
          ],
          "create_before_destroy": true
        }
      ]
    },
    {
      "mode": "managed",
      "type": "aws_lb",
      "name": "dr",
      "provider": "provider[\"registry.terraform.io/hashicorp/aws\"]",
      "instances": [
        {
          "schema_version": 0,
          "attributes": {
            "access_logs": [
              {
                "bucket": "",
                "enabled": false,
                "prefix": ""
              }
            ],
            "arn": "arn:aws:elasticloadbalancing:ap-northeast-1:626614672806:loadbalancer/app/MegaTicket-DR-ALB/1f5d29fb6eec44f6",
            "arn_suffix": "app/MegaTicket-DR-ALB/1f5d29fb6eec44f6",
            "client_keep_alive": 3600,
            "connection_logs": [
              {
                "bucket": "",
                "enabled": false,
                "prefix": ""
              }
            ],
            "customer_owned_ipv4_pool": "",
            "desync_mitigation_mode": "defensive",
            "dns_name": "MegaTicket-DR-ALB-1732444077.ap-northeast-1.elb.amazonaws.com",
            "dns_record_client_routing_policy": null,
            "drop_invalid_header_fields": false,
            "enable_cross_zone_load_balancing": true,
            "enable_deletion_protection": false,
            "enable_http2": true,
            "enable_tls_version_and_cipher_suite_headers": false,
            "enable_waf_fail_open": false,
            "enable_xff_client_port": false,
            "enable_zonal_shift": false,
            "enforce_security_group_inbound_rules_on_private_link_traffic": "",
            "id": "arn:aws:elasticloadbalancing:ap-northeast-1:626614672806:loadbalancer/app/MegaTicket-DR-ALB/1f5d29fb6eec44f6",
            "idle_timeout": 60,
            "internal": false,
            "ip_address_type": "ipv4",
            "ipam_pools": [],
            "load_balancer_type": "application",
            "minimum_load_balancer_capacity": [],
            "name": "MegaTicket-DR-ALB",
            "name_prefix": "",
            "preserve_host_header": false,
            "security_groups": [
              "sg-04a521548fe3469cb"
            ],
            "subnet_mapping": [
              {
                "allocation_id": "",
                "ipv6_address": "",
                "outpost_id": "",
                "private_ipv4_address": "",
                "subnet_id": "subnet-0102e7571ca0ae7b3"
              },
              {
                "allocation_id": "",
                "ipv6_address": "",
                "outpost_id": "",
                "private_ipv4_address": "",
                "subnet_id": "subnet-0c02174ef77869791"
              }
            ],
            "subnets": [
              "subnet-0102e7571ca0ae7b3",
              "subnet-0c02174ef77869791"
            ],
            "tags": {
              "Name": "MegaTicket-DR-ALB"
            },
            "tags_all": {
              "Environment": "test-DR",
              "ManagedBy": "Terraform",
              "Name": "MegaTicket-DR-ALB",
              "Project": "MegaTicket"
            },
            "timeouts": null,
            "vpc_id": "vpc-0c44ffc9dd06f20fa",
            "xff_header_processing_mode": "append",
            "zone_id": "Z14GRHDCWA56QT"
          },
          "sensitive_attributes": [],
          "identity_schema_version": 0,
          "private": "eyJlMmJmYjczMC1lY2FhLTExZTYtOGY4OC0zNDM2M2JjN2M0YzAiOnsiY3JlYXRlIjo2MDAwMDAwMDAwMDAsImRlbGV0ZSI6NjAwMDAwMDAwMDAwLCJ1cGRhdGUiOjYwMDAwMDAwMDAwMH19",
          "dependencies": [
            "aws_security_group.alb",
            "aws_subnet.public_a",
            "aws_subnet.public_c",
            "aws_vpc.dr"
          ]
        }
      ]
    },
    {
      "mode": "managed",
      "type": "aws_lb",
      "name": "nlb",
      "provider": "provider[\"registry.terraform.io/hashicorp/aws\"]",
      "instances": [
        {
          "schema_version": 0,
          "attributes": {
            "access_logs": [
              {
                "bucket": "",
                "enabled": false,
                "prefix": ""
              }
            ],
            "arn": "arn:aws:elasticloadbalancing:ap-northeast-1:626614672806:loadbalancer/net/MegaTicket-DR-NLB/1445fab28868a899",
            "arn_suffix": "net/MegaTicket-DR-NLB/1445fab28868a899",
            "client_keep_alive": null,
            "connection_logs": [],
            "customer_owned_ipv4_pool": "",
            "desync_mitigation_mode": null,
            "dns_name": "MegaTicket-DR-NLB-1445fab28868a899.elb.ap-northeast-1.amazonaws.com",
            "dns_record_client_routing_policy": "any_availability_zone",
            "drop_invalid_header_fields": null,
            "enable_cross_zone_load_balancing": false,
            "enable_deletion_protection": false,
            "enable_http2": null,
            "enable_tls_version_and_cipher_suite_headers": null,
            "enable_waf_fail_open": null,
            "enable_xff_client_port": null,
            "enable_zonal_shift": false,
            "enforce_security_group_inbound_rules_on_private_link_traffic": "",
            "id": "arn:aws:elasticloadbalancing:ap-northeast-1:626614672806:loadbalancer/net/MegaTicket-DR-NLB/1445fab28868a899",
            "idle_timeout": null,
            "internal": false,
            "ip_address_type": "ipv4",
            "ipam_pools": [],
            "load_balancer_type": "network",
            "minimum_load_balancer_capacity": [],
            "name": "MegaTicket-DR-NLB",
            "name_prefix": "",
            "preserve_host_header": null,
            "security_groups": [],
            "subnet_mapping": [
              {
                "allocation_id": "",
                "ipv6_address": "",
                "outpost_id": "",
                "private_ipv4_address": "",
                "subnet_id": "subnet-0102e7571ca0ae7b3"
              },
              {
                "allocation_id": "",
                "ipv6_address": "",
                "outpost_id": "",
                "private_ipv4_address": "",
                "subnet_id": "subnet-0c02174ef77869791"
              }
            ],
            "subnets": [
              "subnet-0102e7571ca0ae7b3",
              "subnet-0c02174ef77869791"
            ],
            "tags": {
              "Name": "MegaTicket-DR-NLB"
            },
            "tags_all": {
              "Environment": "test-DR",
              "ManagedBy": "Terraform",
              "Name": "MegaTicket-DR-NLB",
              "Project": "MegaTicket"
            },
            "timeouts": null,
            "vpc_id": "vpc-0c44ffc9dd06f20fa",
            "xff_header_processing_mode": null,
            "zone_id": "Z31USIVHYNEOWT"
          },
          "sensitive_attributes": [],
          "identity_schema_version": 0,
          "private": "eyJlMmJmYjczMC1lY2FhLTExZTYtOGY4OC0zNDM2M2JjN2M0YzAiOnsiY3JlYXRlIjo2MDAwMDAwMDAwMDAsImRlbGV0ZSI6NjAwMDAwMDAwMDAwLCJ1cGRhdGUiOjYwMDAwMDAwMDAwMH19",
          "dependencies": [
            "aws_subnet.public_a",
            "aws_subnet.public_c",
            "aws_vpc.dr"
          ]
        }
      ]
    },
    {
      "mode": "managed",
      "type": "aws_lb_listener",
      "name": "http",
      "provider": "provider[\"registry.terraform.io/hashicorp/aws\"]",
      "instances": [
        {
          "schema_version": 0,
          "attributes": {
            "alpn_policy": null,
            "arn": "arn:aws:elasticloadbalancing:ap-northeast-1:626614672806:listener/app/MegaTicket-DR-ALB/1f5d29fb6eec44f6/68cee50465b2101d",
            "certificate_arn": null,
            "default_action": [
              {
                "authenticate_cognito": [],
                "authenticate_oidc": [],
                "fixed_response": [],
                "forward": [],
                "order": 1,
                "redirect": [],
                "target_group_arn": "arn:aws:elasticloadbalancing:ap-northeast-1:626614672806:targetgroup/MegaTicket-DR-Web-TG/2bf374072f419101",
                "type": "forward"
              }
            ],
            "id": "arn:aws:elasticloadbalancing:ap-northeast-1:626614672806:listener/app/MegaTicket-DR-ALB/1f5d29fb6eec44f6/68cee50465b2101d",
            "load_balancer_arn": "arn:aws:elasticloadbalancing:ap-northeast-1:626614672806:loadbalancer/app/MegaTicket-DR-ALB/1f5d29fb6eec44f6",
            "mutual_authentication": [],
            "port": 80,
            "protocol": "HTTP",
            "routing_http_request_x_amzn_mtls_clientcert_header_name": null,
            "routing_http_request_x_amzn_mtls_clientcert_issuer_header_name": null,
            "routing_http_request_x_amzn_mtls_clientcert_leaf_header_name": null,
            "routing_http_request_x_amzn_mtls_clientcert_serial_number_header_name": null,
            "routing_http_request_x_amzn_mtls_clientcert_subject_header_name": null,
            "routing_http_request_x_amzn_mtls_clientcert_validity_header_name": null,
            "routing_http_request_x_amzn_tls_cipher_suite_header_name": null,
            "routing_http_request_x_amzn_tls_version_header_name": null,
            "routing_http_response_access_control_allow_credentials_header_value": "",
            "routing_http_response_access_control_allow_headers_header_value": "",
            "routing_http_response_access_control_allow_methods_header_value": "",
            "routing_http_response_access_control_allow_origin_header_value": "",
            "routing_http_response_access_control_expose_headers_header_value": "",
            "routing_http_response_access_control_max_age_header_value": "",
            "routing_http_response_content_security_policy_header_value": "",
            "routing_http_response_server_enabled": true,
            "routing_http_response_strict_transport_security_header_value": "",
            "routing_http_response_x_content_type_options_header_value": "",
            "routing_http_response_x_frame_options_header_value": "",
            "ssl_policy": "",
            "tags": {},
            "tags_all": {
              "Environment": "test-DR",
              "ManagedBy": "Terraform",
              "Project": "MegaTicket"
            },
            "tcp_idle_timeout_seconds": null,
            "timeouts": null
          },
          "sensitive_attributes": [],
          "identity_schema_version": 0,
          "private": "eyJlMmJmYjczMC1lY2FhLTExZTYtOGY4OC0zNDM2M2JjN2M0YzAiOnsiY3JlYXRlIjozMDAwMDAwMDAwMDAsInVwZGF0ZSI6MzAwMDAwMDAwMDAwfX0=",
          "dependencies": [
            "aws_lb.dr",
            "aws_lb_target_group.web",
            "aws_security_group.alb",
            "aws_subnet.public_a",
            "aws_subnet.public_c",
            "aws_vpc.dr"
          ]
        }
      ]
    },
    {
      "mode": "managed",
      "type": "aws_lb_listener",
      "name": "nlb_tcp",
      "provider": "provider[\"registry.terraform.io/hashicorp/aws\"]",
      "instances": [
        {
          "schema_version": 0,
          "attributes": {
            "alpn_policy": null,
            "arn": "arn:aws:elasticloadbalancing:ap-northeast-1:626614672806:listener/net/MegaTicket-DR-NLB/1445fab28868a899/541676f25bb8298c",
            "certificate_arn": null,
            "default_action": [
              {
                "authenticate_cognito": [],
                "authenticate_oidc": [],
                "fixed_response": [],
                "forward": [],
                "order": 1,
                "redirect": [],
                "target_group_arn": "arn:aws:elasticloadbalancing:ap-northeast-1:626614672806:targetgroup/MegaTicket-DR-App-NLB-TG/8e14a977172fbe7d",
                "type": "forward"
              }
            ],
            "id": "arn:aws:elasticloadbalancing:ap-northeast-1:626614672806:listener/net/MegaTicket-DR-NLB/1445fab28868a899/541676f25bb8298c",
            "load_balancer_arn": "arn:aws:elasticloadbalancing:ap-northeast-1:626614672806:loadbalancer/net/MegaTicket-DR-NLB/1445fab28868a899",
            "mutual_authentication": [],
            "port": 443,
            "protocol": "TCP",
            "routing_http_request_x_amzn_mtls_clientcert_header_name": null,
            "routing_http_request_x_amzn_mtls_clientcert_issuer_header_name": null,
            "routing_http_request_x_amzn_mtls_clientcert_leaf_header_name": null,
            "routing_http_request_x_amzn_mtls_clientcert_serial_number_header_name": null,
            "routing_http_request_x_amzn_mtls_clientcert_subject_header_name": null,
            "routing_http_request_x_amzn_mtls_clientcert_validity_header_name": null,
            "routing_http_request_x_amzn_tls_cipher_suite_header_name": null,
            "routing_http_request_x_amzn_tls_version_header_name": null,
            "routing_http_response_access_control_allow_credentials_header_value": null,
            "routing_http_response_access_control_allow_headers_header_value": null,
            "routing_http_response_access_control_allow_methods_header_value": null,
            "routing_http_response_access_control_allow_origin_header_value": null,
            "routing_http_response_access_control_expose_headers_header_value": null,
            "routing_http_response_access_control_max_age_header_value": null,
            "routing_http_response_content_security_policy_header_value": null,
            "routing_http_response_server_enabled": null,
            "routing_http_response_strict_transport_security_header_value": null,
            "routing_http_response_x_content_type_options_header_value": null,
            "routing_http_response_x_frame_options_header_value": null,
            "ssl_policy": "",
            "tags": {},
            "tags_all": {
              "Environment": "test-DR",
              "ManagedBy": "Terraform",
              "Project": "MegaTicket"
            },
            "tcp_idle_timeout_seconds": 350,
            "timeouts": null
          },
          "sensitive_attributes": [],
          "identity_schema_version": 0,
          "private": "eyJlMmJmYjczMC1lY2FhLTExZTYtOGY4OC0zNDM2M2JjN2M0YzAiOnsiY3JlYXRlIjozMDAwMDAwMDAwMDAsInVwZGF0ZSI6MzAwMDAwMDAwMDAwfX0=",
          "dependencies": [
            "aws_lb.nlb",
            "aws_lb_target_group.app_nlb",
            "aws_subnet.public_a",
            "aws_subnet.public_c",
            "aws_vpc.dr"
          ]
        }
      ]
    },
    {
      "mode": "managed",
      "type": "aws_lb_listener_rule",
      "name": "api",
      "provider": "provider[\"registry.terraform.io/hashicorp/aws\"]",
      "instances": [
        {
          "schema_version": 0,
          "attributes": {
            "action": [
              {
                "authenticate_cognito": [],
                "authenticate_oidc": [],
                "fixed_response": [],
                "forward": [],
                "order": 1,
                "redirect": [],
                "target_group_arn": "arn:aws:elasticloadbalancing:ap-northeast-1:626614672806:targetgroup/MegaTicket-DR-App-TG/e91070e88c42387d",
                "type": "forward"
              }
            ],
            "arn": "arn:aws:elasticloadbalancing:ap-northeast-1:626614672806:listener-rule/app/MegaTicket-DR-ALB/1f5d29fb6eec44f6/68cee50465b2101d/c28f9e3508bb92f9",
            "condition": [
              {
                "host_header": [],
                "http_header": [],
                "http_request_method": [],
                "path_pattern": [
                  {
                    "values": [
                      "/api/*"
                    ]
                  }
                ],
                "query_string": [],
                "source_ip": []
              }
            ],
            "id": "arn:aws:elasticloadbalancing:ap-northeast-1:626614672806:listener-rule/app/MegaTicket-DR-ALB/1f5d29fb6eec44f6/68cee50465b2101d/c28f9e3508bb92f9",
            "listener_arn": "arn:aws:elasticloadbalancing:ap-northeast-1:626614672806:listener/app/MegaTicket-DR-ALB/1f5d29fb6eec44f6/68cee50465b2101d",
            "priority": 1,
            "tags": {},
            "tags_all": {
              "Environment": "test-DR",
              "ManagedBy": "Terraform",
              "Project": "MegaTicket"
            }
          },
          "sensitive_attributes": [],
          "identity_schema_version": 0,
          "private": "bnVsbA==",
          "dependencies": [
            "aws_lb.dr",
            "aws_lb_listener.http",
            "aws_lb_target_group.app",
            "aws_lb_target_group.web",
            "aws_security_group.alb",
            "aws_subnet.public_a",
            "aws_subnet.public_c",
            "aws_vpc.dr"
          ]
        }
      ]
    },
    {
      "mode": "managed",
      "type": "aws_lb_target_group",
      "name": "app",
      "provider": "provider[\"registry.terraform.io/hashicorp/aws\"]",
      "instances": [
        {
          "schema_version": 0,
          "attributes": {
            "arn": "arn:aws:elasticloadbalancing:ap-northeast-1:626614672806:targetgroup/MegaTicket-DR-App-TG/e91070e88c42387d",
            "arn_suffix": "targetgroup/MegaTicket-DR-App-TG/e91070e88c42387d",
            "connection_termination": null,
            "deregistration_delay": "300",
            "health_check": [
              {
                "enabled": true,
                "healthy_threshold": 2,
                "interval": 30,
                "matcher": "200",
                "path": "/api/health",
                "port": "traffic-port",
                "protocol": "HTTP",
                "timeout": 5,
                "unhealthy_threshold": 5
              }
            ],
            "id": "arn:aws:elasticloadbalancing:ap-northeast-1:626614672806:targetgroup/MegaTicket-DR-App-TG/e91070e88c42387d",
            "ip_address_type": "ipv4",
            "lambda_multi_value_headers_enabled": false,
            "load_balancer_arns": [
              "arn:aws:elasticloadbalancing:ap-northeast-1:626614672806:loadbalancer/app/MegaTicket-DR-ALB/1f5d29fb6eec44f6"
            ],
            "load_balancing_algorithm_type": "round_robin",
            "load_balancing_anomaly_mitigation": "off",
            "load_balancing_cross_zone_enabled": "use_load_balancer_configuration",
            "name": "MegaTicket-DR-App-TG",
            "name_prefix": "",
            "port": 3001,
            "preserve_client_ip": null,
            "protocol": "HTTP",
            "protocol_version": "HTTP1",
            "proxy_protocol_v2": false,
            "slow_start": 0,
            "stickiness": [
              {
                "cookie_duration": 86400,
                "cookie_name": "",
                "enabled": false,
                "type": "lb_cookie"
              }
            ],
            "tags": {
              "Name": "MegaTicket-DR-App-TG"
            },
            "tags_all": {
              "Environment": "test-DR",
              "ManagedBy": "Terraform",
              "Name": "MegaTicket-DR-App-TG",
              "Project": "MegaTicket"
            },
            "target_failover": [
              {
                "on_deregistration": null,
                "on_unhealthy": null
              }
            ],
            "target_group_health": [
              {
                "dns_failover": [
                  {
                    "minimum_healthy_targets_count": "1",
                    "minimum_healthy_targets_percentage": "off"
                  }
                ],
                "unhealthy_state_routing": [
                  {
                    "minimum_healthy_targets_count": 1,
                    "minimum_healthy_targets_percentage": "off"
                  }
                ]
              }
            ],
            "target_health_state": [
              {
                "enable_unhealthy_connection_termination": null,
                "unhealthy_draining_interval": null
              }
            ],
            "target_type": "instance",
            "vpc_id": "vpc-0c44ffc9dd06f20fa"
          },
          "sensitive_attributes": [],
          "identity_schema_version": 0,
          "private": "bnVsbA==",
          "dependencies": [
            "aws_vpc.dr"
          ],
          "create_before_destroy": true
        }
      ]
    },
    {
      "mode": "managed",
      "type": "aws_lb_target_group",
      "name": "app_nlb",
      "provider": "provider[\"registry.terraform.io/hashicorp/aws\"]",
      "instances": [
        {
          "schema_version": 0,
          "attributes": {
            "arn": "arn:aws:elasticloadbalancing:ap-northeast-1:626614672806:targetgroup/MegaTicket-DR-App-NLB-TG/8e14a977172fbe7d",
            "arn_suffix": "targetgroup/MegaTicket-DR-App-NLB-TG/8e14a977172fbe7d",
            "connection_termination": false,
            "deregistration_delay": "300",
            "health_check": [
              {
                "enabled": true,
                "healthy_threshold": 3,
                "interval": 30,
                "matcher": "",
                "path": "",
                "port": "traffic-port",
                "protocol": "TCP",
                "timeout": 10,
                "unhealthy_threshold": 3
              }
            ],
            "id": "arn:aws:elasticloadbalancing:ap-northeast-1:626614672806:targetgroup/MegaTicket-DR-App-NLB-TG/8e14a977172fbe7d",
            "ip_address_type": "ipv4",
            "lambda_multi_value_headers_enabled": false,
            "load_balancer_arns": [
              "arn:aws:elasticloadbalancing:ap-northeast-1:626614672806:loadbalancer/net/MegaTicket-DR-NLB/1445fab28868a899"
            ],
            "load_balancing_algorithm_type": null,
            "load_balancing_anomaly_mitigation": null,
            "load_balancing_cross_zone_enabled": "use_load_balancer_configuration",
            "name": "MegaTicket-DR-App-NLB-TG",
            "name_prefix": "",
            "port": 3001,
            "preserve_client_ip": "true",
            "protocol": "TCP",
            "protocol_version": null,
            "proxy_protocol_v2": false,
            "slow_start": 0,
            "stickiness": [
              {
                "cookie_duration": 0,
                "cookie_name": "",
                "enabled": false,
                "type": "source_ip"
              }
            ],
            "tags": {
              "Name": "MegaTicket-DR-App-NLB-TG"
            },
            "tags_all": {
              "Environment": "test-DR",
              "ManagedBy": "Terraform",
              "Name": "MegaTicket-DR-App-NLB-TG",
              "Project": "MegaTicket"
            },
            "target_failover": [
              {
                "on_deregistration": null,
                "on_unhealthy": null
              }
            ],
            "target_group_health": [
              {
                "dns_failover": [
                  {
                    "minimum_healthy_targets_count": "1",
                    "minimum_healthy_targets_percentage": "off"
                  }
                ],
                "unhealthy_state_routing": [
                  {
                    "minimum_healthy_targets_count": 1,
                    "minimum_healthy_targets_percentage": "off"
                  }
                ]
              }
            ],
            "target_health_state": [
              {
                "enable_unhealthy_connection_termination": true,
                "unhealthy_draining_interval": 0
              }
            ],
            "target_type": "instance",
            "vpc_id": "vpc-0c44ffc9dd06f20fa"
          },
          "sensitive_attributes": [],
          "identity_schema_version": 0,
          "private": "bnVsbA==",
          "dependencies": [
            "aws_vpc.dr"
          ],
          "create_before_destroy": true
        }
      ]
    },
    {
      "mode": "managed",
      "type": "aws_lb_target_group",
      "name": "web",
      "provider": "provider[\"registry.terraform.io/hashicorp/aws\"]",
      "instances": [
        {
          "schema_version": 0,
          "attributes": {
            "arn": "arn:aws:elasticloadbalancing:ap-northeast-1:626614672806:targetgroup/MegaTicket-DR-Web-TG/2bf374072f419101",
            "arn_suffix": "targetgroup/MegaTicket-DR-Web-TG/2bf374072f419101",
            "connection_termination": null,
            "deregistration_delay": "300",
            "health_check": [
              {
                "enabled": true,
                "healthy_threshold": 2,
                "interval": 30,
                "matcher": "200-399",
                "path": "/",
                "port": "traffic-port",
                "protocol": "HTTP",
                "timeout": 5,
                "unhealthy_threshold": 5
              }
            ],
            "id": "arn:aws:elasticloadbalancing:ap-northeast-1:626614672806:targetgroup/MegaTicket-DR-Web-TG/2bf374072f419101",
            "ip_address_type": "ipv4",
            "lambda_multi_value_headers_enabled": false,
            "load_balancer_arns": [
              "arn:aws:elasticloadbalancing:ap-northeast-1:626614672806:loadbalancer/app/MegaTicket-DR-ALB/1f5d29fb6eec44f6"
            ],
            "load_balancing_algorithm_type": "round_robin",
            "load_balancing_anomaly_mitigation": "off",
            "load_balancing_cross_zone_enabled": "use_load_balancer_configuration",
            "name": "MegaTicket-DR-Web-TG",
            "name_prefix": "",
            "port": 3000,
            "preserve_client_ip": null,
            "protocol": "HTTP",
            "protocol_version": "HTTP1",
            "proxy_protocol_v2": false,
            "slow_start": 0,
            "stickiness": [
              {
                "cookie_duration": 86400,
                "cookie_name": "",
                "enabled": false,
                "type": "lb_cookie"
              }
            ],
            "tags": {
              "Name": "MegaTicket-DR-Web-TG"
            },
            "tags_all": {
              "Environment": "test-DR",
              "ManagedBy": "Terraform",
              "Name": "MegaTicket-DR-Web-TG",
              "Project": "MegaTicket"
            },
            "target_failover": [
              {
                "on_deregistration": null,
                "on_unhealthy": null
              }
            ],
            "target_group_health": [
              {
                "dns_failover": [
                  {
                    "minimum_healthy_targets_count": "1",
                    "minimum_healthy_targets_percentage": "off"
                  }
                ],
                "unhealthy_state_routing": [
                  {
                    "minimum_healthy_targets_count": 1,
                    "minimum_healthy_targets_percentage": "off"
                  }
                ]
              }
            ],
            "target_health_state": [
              {
                "enable_unhealthy_connection_termination": null,
                "unhealthy_draining_interval": null
              }
            ],
            "target_type": "instance",
            "vpc_id": "vpc-0c44ffc9dd06f20fa"
          },
          "sensitive_attributes": [],
          "identity_schema_version": 0,
          "private": "bnVsbA==",
          "dependencies": [
            "aws_vpc.dr"
          ],
          "create_before_destroy": true
        }
      ]
    },
    {
      "mode": "managed",
      "type": "aws_nat_gateway",
      "name": "dr",
      "provider": "provider[\"registry.terraform.io/hashicorp/aws\"]",
      "instances": [
        {
          "schema_version": 0,
          "attributes": {
            "allocation_id": "eipalloc-0c1c5add14ac34530",
            "association_id": "eipassoc-0e262aca3d8de7406",
            "connectivity_type": "public",
            "id": "nat-0c073c50ffdab2c5a",
            "network_interface_id": "eni-0794c3d5f86d93eac",
            "private_ip": "10.1.0.41",
            "public_ip": "52.196.125.155",
            "secondary_allocation_ids": [],
            "secondary_private_ip_address_count": 0,
            "secondary_private_ip_addresses": [],
            "subnet_id": "subnet-0c02174ef77869791",
            "tags": {
              "Name": "MegaTicket-DR-NAT-GW"
            },
            "tags_all": {
              "Environment": "test-DR",
              "ManagedBy": "Terraform",
              "Name": "MegaTicket-DR-NAT-GW",
              "Project": "MegaTicket"
            },
            "timeouts": null
          },
          "sensitive_attributes": [],
          "identity_schema_version": 0,
          "private": "eyJlMmJmYjczMC1lY2FhLTExZTYtOGY4OC0zNDM2M2JjN2M0YzAiOnsiY3JlYXRlIjo2MDAwMDAwMDAwMDAsImRlbGV0ZSI6MTgwMDAwMDAwMDAwMCwidXBkYXRlIjo2MDAwMDAwMDAwMDB9fQ==",
          "dependencies": [
            "aws_eip.nat",
            "aws_internet_gateway.dr",
            "aws_subnet.public_a",
            "aws_vpc.dr"
          ]
        }
      ]
    },
    {
      "mode": "managed",
      "type": "aws_route53_health_check",
      "name": "seoul_primary",
      "provider": "provider[\"registry.terraform.io/hashicorp/aws\"].global",
      "instances": [
        {
          "index_key": 0,
          "schema_version": 0,
          "attributes": {
            "arn": "arn:aws:route53:::healthcheck/869df889-63e6-46e5-828c-1a9c942eb981",
            "child_health_threshold": 0,
            "child_healthchecks": null,
            "cloudwatch_alarm_name": null,
            "cloudwatch_alarm_region": null,
            "disabled": false,
            "enable_sni": true,
            "failure_threshold": 3,
            "fqdn": "MegaTicket-ALB-2018892880.ap-northeast-2.elb.amazonaws.com",
            "id": "869df889-63e6-46e5-828c-1a9c942eb981",
            "insufficient_data_health_status": "",
            "invert_healthcheck": false,
            "ip_address": "",
            "measure_latency": false,
            "port": 443,
            "reference_name": null,
            "regions": null,
            "request_interval": 30,
            "resource_path": "/api/health",
            "routing_control_arn": "",
            "search_string": "",
            "tags": {
              "Name": "MegaTicket-Seoul-Health-Check"
            },
            "tags_all": {
              "Environment": "test-DR",
              "ManagedBy": "Terraform",
              "Name": "MegaTicket-Seoul-Health-Check",
              "Project": "MegaTicket"
            },
            "triggers": {},
            "type": "HTTPS"
          },
          "sensitive_attributes": [],
          "identity_schema_version": 0,
          "private": "bnVsbA=="
        }
      ]
    },
    {
      "mode": "managed",
      "type": "aws_route_table",
      "name": "private",
      "provider": "provider[\"registry.terraform.io/hashicorp/aws\"]",
      "instances": [
        {
          "schema_version": 0,
          "attributes": {
            "arn": "arn:aws:ec2:ap-northeast-1:626614672806:route-table/rtb-0ada0077a923d61cc",
            "id": "rtb-0ada0077a923d61cc",
            "owner_id": "626614672806",
            "propagating_vgws": [],
            "route": [
              {
                "carrier_gateway_id": "",
                "cidr_block": "0.0.0.0/0",
                "core_network_arn": "",
                "destination_prefix_list_id": "",
                "egress_only_gateway_id": "",
                "gateway_id": "",
                "ipv6_cidr_block": "",
                "local_gateway_id": "",
                "nat_gateway_id": "nat-0c073c50ffdab2c5a",
                "network_interface_id": "",
                "transit_gateway_id": "",
                "vpc_endpoint_id": "",
                "vpc_peering_connection_id": ""
              }
            ],
            "tags": {
              "Name": "MegaTicket-DR-Private-RT"
            },
            "tags_all": {
              "Environment": "test-DR",
              "ManagedBy": "Terraform",
              "Name": "MegaTicket-DR-Private-RT",
              "Project": "MegaTicket"
            },
            "timeouts": null,
            "vpc_id": "vpc-0c44ffc9dd06f20fa"
          },
          "sensitive_attributes": [],
          "identity_schema_version": 0,
          "private": "eyJlMmJmYjczMC1lY2FhLTExZTYtOGY4OC0zNDM2M2JjN2M0YzAiOnsiY3JlYXRlIjozMDAwMDAwMDAwMDAsImRlbGV0ZSI6MzAwMDAwMDAwMDAwLCJ1cGRhdGUiOjEyMDAwMDAwMDAwMH19",
          "dependencies": [
            "aws_eip.nat",
            "aws_internet_gateway.dr",
            "aws_nat_gateway.dr",
            "aws_subnet.public_a",
            "aws_vpc.dr"
          ]
        }
      ]
    },
    {
      "mode": "managed",
      "type": "aws_route_table",
      "name": "public",
      "provider": "provider[\"registry.terraform.io/hashicorp/aws\"]",
      "instances": [
        {
          "schema_version": 0,
          "attributes": {
            "arn": "arn:aws:ec2:ap-northeast-1:626614672806:route-table/rtb-0318776bc18015116",
            "id": "rtb-0318776bc18015116",
            "owner_id": "626614672806",
            "propagating_vgws": [],
            "route": [
              {
                "carrier_gateway_id": "",
                "cidr_block": "0.0.0.0/0",
                "core_network_arn": "",
                "destination_prefix_list_id": "",
                "egress_only_gateway_id": "",
                "gateway_id": "igw-0b3242e3556c4a093",
                "ipv6_cidr_block": "",
                "local_gateway_id": "",
                "nat_gateway_id": "",
                "network_interface_id": "",
                "transit_gateway_id": "",
                "vpc_endpoint_id": "",
                "vpc_peering_connection_id": ""
              }
            ],
            "tags": {
              "Name": "MegaTicket-DR-Public-RT"
            },
            "tags_all": {
              "Environment": "test-DR",
              "ManagedBy": "Terraform",
              "Name": "MegaTicket-DR-Public-RT",
              "Project": "MegaTicket"
            },
            "timeouts": null,
            "vpc_id": "vpc-0c44ffc9dd06f20fa"
          },
          "sensitive_attributes": [],
          "identity_schema_version": 0,
          "private": "eyJlMmJmYjczMC1lY2FhLTExZTYtOGY4OC0zNDM2M2JjN2M0YzAiOnsiY3JlYXRlIjozMDAwMDAwMDAwMDAsImRlbGV0ZSI6MzAwMDAwMDAwMDAwLCJ1cGRhdGUiOjEyMDAwMDAwMDAwMH19",
          "dependencies": [
            "aws_internet_gateway.dr",
            "aws_vpc.dr"
          ]
        }
      ]
    },
    {
      "mode": "managed",
      "type": "aws_route_table_association",
      "name": "private_a",
      "provider": "provider[\"registry.terraform.io/hashicorp/aws\"]",
      "instances": [
        {
          "schema_version": 0,
          "attributes": {
            "gateway_id": "",
            "id": "rtbassoc-040653dc5b07d67ef",
            "route_table_id": "rtb-0ada0077a923d61cc",
            "subnet_id": "subnet-0805ebee3b51e0170",
            "timeouts": null
          },
          "sensitive_attributes": [],
          "identity_schema_version": 0,
          "private": "eyJlMmJmYjczMC1lY2FhLTExZTYtOGY4OC0zNDM2M2JjN2M0YzAiOnsiY3JlYXRlIjozMDAwMDAwMDAwMDAsImRlbGV0ZSI6MzAwMDAwMDAwMDAwLCJ1cGRhdGUiOjEyMDAwMDAwMDAwMH19",
          "dependencies": [
            "aws_eip.nat",
            "aws_internet_gateway.dr",
            "aws_nat_gateway.dr",
            "aws_route_table.private",
            "aws_subnet.private_a",
            "aws_subnet.public_a",
            "aws_vpc.dr"
          ]
        }
      ]
    },
    {
      "mode": "managed",
      "type": "aws_route_table_association",
      "name": "private_c",
      "provider": "provider[\"registry.terraform.io/hashicorp/aws\"]",
      "instances": [
        {
          "schema_version": 0,
          "attributes": {
            "gateway_id": "",
            "id": "rtbassoc-04590899a225feea5",
            "route_table_id": "rtb-0ada0077a923d61cc",
            "subnet_id": "subnet-0dbdc7d10244a1d04",
            "timeouts": null
          },
          "sensitive_attributes": [],
          "identity_schema_version": 0,
          "private": "eyJlMmJmYjczMC1lY2FhLTExZTYtOGY4OC0zNDM2M2JjN2M0YzAiOnsiY3JlYXRlIjozMDAwMDAwMDAwMDAsImRlbGV0ZSI6MzAwMDAwMDAwMDAwLCJ1cGRhdGUiOjEyMDAwMDAwMDAwMH19",
          "dependencies": [
            "aws_eip.nat",
            "aws_internet_gateway.dr",
            "aws_nat_gateway.dr",
            "aws_route_table.private",
            "aws_subnet.private_c",
            "aws_subnet.public_a",
            "aws_vpc.dr"
          ]
        }
      ]
    },
    {
      "mode": "managed",
      "type": "aws_route_table_association",
      "name": "public_a",
      "provider": "provider[\"registry.terraform.io/hashicorp/aws\"]",
      "instances": [
        {
          "schema_version": 0,
          "attributes": {
            "gateway_id": "",
            "id": "rtbassoc-046c81f6eba926231",
            "route_table_id": "rtb-0318776bc18015116",
            "subnet_id": "subnet-0c02174ef77869791",
            "timeouts": null
          },
          "sensitive_attributes": [],
          "identity_schema_version": 0,
          "private": "eyJlMmJmYjczMC1lY2FhLTExZTYtOGY4OC0zNDM2M2JjN2M0YzAiOnsiY3JlYXRlIjozMDAwMDAwMDAwMDAsImRlbGV0ZSI6MzAwMDAwMDAwMDAwLCJ1cGRhdGUiOjEyMDAwMDAwMDAwMH19",
          "dependencies": [
            "aws_internet_gateway.dr",
            "aws_route_table.public",
            "aws_subnet.public_a",
            "aws_vpc.dr"
          ]
        }
      ]
    },
    {
      "mode": "managed",
      "type": "aws_route_table_association",
      "name": "public_c",
      "provider": "provider[\"registry.terraform.io/hashicorp/aws\"]",
      "instances": [
        {
          "schema_version": 0,
          "attributes": {
            "gateway_id": "",
            "id": "rtbassoc-00b9578249a977d4e",
            "route_table_id": "rtb-0318776bc18015116",
            "subnet_id": "subnet-0102e7571ca0ae7b3",
            "timeouts": null
          },
          "sensitive_attributes": [],
          "identity_schema_version": 0,
          "private": "eyJlMmJmYjczMC1lY2FhLTExZTYtOGY4OC0zNDM2M2JjN2M0YzAiOnsiY3JlYXRlIjozMDAwMDAwMDAwMDAsImRlbGV0ZSI6MzAwMDAwMDAwMDAwLCJ1cGRhdGUiOjEyMDAwMDAwMDAwMH19",
          "dependencies": [
            "aws_internet_gateway.dr",
            "aws_route_table.public",
            "aws_subnet.public_c",
            "aws_vpc.dr"
          ]
        }
      ]
    },
    {
      "mode": "managed",
      "type": "aws_security_group",
      "name": "alb",
      "provider": "provider[\"registry.terraform.io/hashicorp/aws\"]",
      "instances": [
        {
          "schema_version": 1,
          "attributes": {
            "arn": "arn:aws:ec2:ap-northeast-1:626614672806:security-group/sg-04a521548fe3469cb",
            "description": "Security group for DR Application Load Balancer",
            "egress": [
              {
                "cidr_blocks": [
                  "0.0.0.0/0"
                ],
                "description": "",
                "from_port": 0,
                "ipv6_cidr_blocks": [],
                "prefix_list_ids": [],
                "protocol": "-1",
                "security_groups": [],
                "self": false,
                "to_port": 0
              }
            ],
            "id": "sg-04a521548fe3469cb",
            "ingress": [
              {
                "cidr_blocks": [
                  "0.0.0.0/0"
                ],
                "description": "HTTP",
                "from_port": 80,
                "ipv6_cidr_blocks": [],
                "prefix_list_ids": [],
                "protocol": "tcp",
                "security_groups": [],
                "self": false,
                "to_port": 80
              },
              {
                "cidr_blocks": [
                  "0.0.0.0/0"
                ],
                "description": "HTTPS",
                "from_port": 443,
                "ipv6_cidr_blocks": [],
                "prefix_list_ids": [],
                "protocol": "tcp",
                "security_groups": [],
                "self": false,
                "to_port": 443
              }
            ],
            "name": "MegaTicket-DR-ALB-SG",
            "name_prefix": "",
            "owner_id": "626614672806",
            "revoke_rules_on_delete": false,
            "tags": {
              "Name": "MegaTicket-DR-ALB-SG"
            },
            "tags_all": {
              "Environment": "test-DR",
              "ManagedBy": "Terraform",
              "Name": "MegaTicket-DR-ALB-SG",
              "Project": "MegaTicket"
            },
            "timeouts": null,
            "vpc_id": "vpc-0c44ffc9dd06f20fa"
          },
          "sensitive_attributes": [],
          "identity_schema_version": 0,
          "private": "eyJlMmJmYjczMC1lY2FhLTExZTYtOGY4OC0zNDM2M2JjN2M0YzAiOnsiY3JlYXRlIjo2MDAwMDAwMDAwMDAsImRlbGV0ZSI6OTAwMDAwMDAwMDAwfSwic2NoZW1hX3ZlcnNpb24iOiIxIn0=",
          "dependencies": [
            "aws_vpc.dr"
          ],
          "create_before_destroy": true
        }
      ]
    },
    {
      "mode": "managed",
      "type": "aws_security_group",
      "name": "app",
      "provider": "provider[\"registry.terraform.io/hashicorp/aws\"]",
      "instances": [
        {
          "schema_version": 1,
          "attributes": {
            "arn": "arn:aws:ec2:ap-northeast-1:626614672806:security-group/sg-0088548c6b41b9300",
            "description": "Security group for DR App instances",
            "egress": [
              {
                "cidr_blocks": [
                  "0.0.0.0/0"
                ],
                "description": "",
                "from_port": 0,
                "ipv6_cidr_blocks": [],
                "prefix_list_ids": [],
                "protocol": "-1",
                "security_groups": [],
                "self": false,
                "to_port": 0
              }
            ],
            "id": "sg-0088548c6b41b9300",
            "ingress": [
              {
                "cidr_blocks": [
                  "10.1.0.0/16"
                ],
                "description": "API Port from NLB (VPC CIDR)",
                "from_port": 3001,
                "ipv6_cidr_blocks": [],
                "prefix_list_ids": [],
                "protocol": "tcp",
                "security_groups": [],
                "self": false,
                "to_port": 3001
              },
              {
                "cidr_blocks": [],
                "description": "API Port from ALB",
                "from_port": 3001,
                "ipv6_cidr_blocks": [],
                "prefix_list_ids": [],
                "protocol": "tcp",
                "security_groups": [
                  "sg-04a521548fe3469cb"
                ],
                "self": false,
                "to_port": 3001
              },
              {
                "cidr_blocks": [],
                "description": "API Port from Web instances",
                "from_port": 3001,
                "ipv6_cidr_blocks": [],
                "prefix_list_ids": [],
                "protocol": "tcp",
                "security_groups": [
                  "sg-09d00abf8fb88bc15"
                ],
                "self": false,
                "to_port": 3001
              }
            ],
            "name": "MegaTicket-DR-App-SG",
            "name_prefix": "",
            "owner_id": "626614672806",
            "revoke_rules_on_delete": false,
            "tags": {
              "Name": "MegaTicket-DR-App-SG"
            },
            "tags_all": {
              "Environment": "test-DR",
              "ManagedBy": "Terraform",
              "Name": "MegaTicket-DR-App-SG",
              "Project": "MegaTicket"
            },
            "timeouts": null,
            "vpc_id": "vpc-0c44ffc9dd06f20fa"
          },
          "sensitive_attributes": [],
          "identity_schema_version": 0,
          "private": "eyJlMmJmYjczMC1lY2FhLTExZTYtOGY4OC0zNDM2M2JjN2M0YzAiOnsiY3JlYXRlIjo2MDAwMDAwMDAwMDAsImRlbGV0ZSI6OTAwMDAwMDAwMDAwfSwic2NoZW1hX3ZlcnNpb24iOiIxIn0=",
          "dependencies": [
            "aws_security_group.alb",
            "aws_security_group.web",
            "aws_vpc.dr"
          ],
          "create_before_destroy": true
        }
      ]
    },
    {
      "mode": "managed",
      "type": "aws_security_group",
      "name": "web",
      "provider": "provider[\"registry.terraform.io/hashicorp/aws\"]",
      "instances": [
        {
          "schema_version": 1,
          "attributes": {
            "arn": "arn:aws:ec2:ap-northeast-1:626614672806:security-group/sg-09d00abf8fb88bc15",
            "description": "Security group for DR Web instances",
            "egress": [
              {
                "cidr_blocks": [
                  "0.0.0.0/0"
                ],
                "description": "",
                "from_port": 0,
                "ipv6_cidr_blocks": [],
                "prefix_list_ids": [],
                "protocol": "-1",
                "security_groups": [],
                "self": false,
                "to_port": 0
              }
            ],
            "id": "sg-09d00abf8fb88bc15",
            "ingress": [
              {
                "cidr_blocks": [],
                "description": "Web Port from ALB",
                "from_port": 3000,
                "ipv6_cidr_blocks": [],
                "prefix_list_ids": [],
                "protocol": "tcp",
                "security_groups": [
                  "sg-04a521548fe3469cb"
                ],
                "self": false,
                "to_port": 3000
              }
            ],
            "name": "MegaTicket-DR-Web-SG",
            "name_prefix": "",
            "owner_id": "626614672806",
            "revoke_rules_on_delete": false,
            "tags": {
              "Name": "MegaTicket-DR-Web-SG"
            },
            "tags_all": {
              "Environment": "test-DR",
              "ManagedBy": "Terraform",
              "Name": "MegaTicket-DR-Web-SG",
              "Project": "MegaTicket"
            },
            "timeouts": null,
            "vpc_id": "vpc-0c44ffc9dd06f20fa"
          },
          "sensitive_attributes": [],
          "identity_schema_version": 0,
          "private": "eyJlMmJmYjczMC1lY2FhLTExZTYtOGY4OC0zNDM2M2JjN2M0YzAiOnsiY3JlYXRlIjo2MDAwMDAwMDAwMDAsImRlbGV0ZSI6OTAwMDAwMDAwMDAwfSwic2NoZW1hX3ZlcnNpb24iOiIxIn0=",
          "dependencies": [
            "aws_security_group.alb",
            "aws_vpc.dr"
          ],
          "create_before_destroy": true
        }
      ]
    },
    {
      "mode": "managed",
      "type": "aws_subnet",
      "name": "private_a",
      "provider": "provider[\"registry.terraform.io/hashicorp/aws\"]",
      "instances": [
        {
          "schema_version": 1,
          "attributes": {
            "arn": "arn:aws:ec2:ap-northeast-1:626614672806:subnet/subnet-0805ebee3b51e0170",
            "assign_ipv6_address_on_creation": false,
            "availability_zone": "ap-northeast-1a",
            "availability_zone_id": "apne1-az4",
            "cidr_block": "10.1.16.0/20",
            "customer_owned_ipv4_pool": "",
            "enable_dns64": false,
            "enable_lni_at_device_index": 0,
            "enable_resource_name_dns_a_record_on_launch": false,
            "enable_resource_name_dns_aaaa_record_on_launch": false,
            "id": "subnet-0805ebee3b51e0170",
            "ipv6_cidr_block": "",
            "ipv6_cidr_block_association_id": "",
            "ipv6_native": false,
            "map_customer_owned_ip_on_launch": false,
            "map_public_ip_on_launch": false,
            "outpost_arn": "",
            "owner_id": "626614672806",
            "private_dns_hostname_type_on_launch": "ip-name",
            "tags": {
              "Name": "MegaTicket-DR-Private-Subnet-A",
              "Type": "Private"
            },
            "tags_all": {
              "Environment": "test-DR",
              "ManagedBy": "Terraform",
              "Name": "MegaTicket-DR-Private-Subnet-A",
              "Project": "MegaTicket",
              "Type": "Private"
            },
            "timeouts": null,
            "vpc_id": "vpc-0c44ffc9dd06f20fa"
          },
          "sensitive_attributes": [],
          "identity_schema_version": 0,
          "private": "eyJlMmJmYjczMC1lY2FhLTExZTYtOGY4OC0zNDM2M2JjN2M0YzAiOnsiY3JlYXRlIjo2MDAwMDAwMDAwMDAsImRlbGV0ZSI6MTIwMDAwMDAwMDAwMH0sInNjaGVtYV92ZXJzaW9uIjoiMSJ9",
          "dependencies": [
            "aws_vpc.dr"
          ],
          "create_before_destroy": true
        }
      ]
    },
    {
      "mode": "managed",
      "type": "aws_subnet",
      "name": "private_c",
      "provider": "provider[\"registry.terraform.io/hashicorp/aws\"]",
      "instances": [
        {
          "schema_version": 1,
          "attributes": {
            "arn": "arn:aws:ec2:ap-northeast-1:626614672806:subnet/subnet-0dbdc7d10244a1d04",
            "assign_ipv6_address_on_creation": false,
            "availability_zone": "ap-northeast-1c",
            "availability_zone_id": "apne1-az1",
            "cidr_block": "10.1.32.0/20",
            "customer_owned_ipv4_pool": "",
            "enable_dns64": false,
            "enable_lni_at_device_index": 0,
            "enable_resource_name_dns_a_record_on_launch": false,
            "enable_resource_name_dns_aaaa_record_on_launch": false,
            "id": "subnet-0dbdc7d10244a1d04",
            "ipv6_cidr_block": "",
            "ipv6_cidr_block_association_id": "",
            "ipv6_native": false,
            "map_customer_owned_ip_on_launch": false,
            "map_public_ip_on_launch": false,
            "outpost_arn": "",
            "owner_id": "626614672806",
            "private_dns_hostname_type_on_launch": "ip-name",
            "tags": {
              "Name": "MegaTicket-DR-Private-Subnet-C",
              "Type": "Private"
            },
            "tags_all": {
              "Environment": "test-DR",
              "ManagedBy": "Terraform",
              "Name": "MegaTicket-DR-Private-Subnet-C",
              "Project": "MegaTicket",
              "Type": "Private"
            },
            "timeouts": null,
            "vpc_id": "vpc-0c44ffc9dd06f20fa"
          },
          "sensitive_attributes": [],
          "identity_schema_version": 0,
          "private": "eyJlMmJmYjczMC1lY2FhLTExZTYtOGY4OC0zNDM2M2JjN2M0YzAiOnsiY3JlYXRlIjo2MDAwMDAwMDAwMDAsImRlbGV0ZSI6MTIwMDAwMDAwMDAwMH0sInNjaGVtYV92ZXJzaW9uIjoiMSJ9",
          "dependencies": [
            "aws_vpc.dr"
          ],
          "create_before_destroy": true
        }
      ]
    },
    {
      "mode": "managed",
      "type": "aws_subnet",
      "name": "public_a",
      "provider": "provider[\"registry.terraform.io/hashicorp/aws\"]",
      "instances": [
        {
          "schema_version": 1,
          "attributes": {
            "arn": "arn:aws:ec2:ap-northeast-1:626614672806:subnet/subnet-0c02174ef77869791",
            "assign_ipv6_address_on_creation": false,
            "availability_zone": "ap-northeast-1a",
            "availability_zone_id": "apne1-az4",
            "cidr_block": "10.1.0.0/26",
            "customer_owned_ipv4_pool": "",
            "enable_dns64": false,
            "enable_lni_at_device_index": 0,
            "enable_resource_name_dns_a_record_on_launch": false,
            "enable_resource_name_dns_aaaa_record_on_launch": false,
            "id": "subnet-0c02174ef77869791",
            "ipv6_cidr_block": "",
            "ipv6_cidr_block_association_id": "",
            "ipv6_native": false,
            "map_customer_owned_ip_on_launch": false,
            "map_public_ip_on_launch": true,
            "outpost_arn": "",
            "owner_id": "626614672806",
            "private_dns_hostname_type_on_launch": "ip-name",
            "tags": {
              "Name": "MegaTicket-DR-Public-Subnet-A",
              "Type": "Public"
            },
            "tags_all": {
              "Environment": "test-DR",
              "ManagedBy": "Terraform",
              "Name": "MegaTicket-DR-Public-Subnet-A",
              "Project": "MegaTicket",
              "Type": "Public"
            },
            "timeouts": null,
            "vpc_id": "vpc-0c44ffc9dd06f20fa"
          },
          "sensitive_attributes": [],
          "identity_schema_version": 0,
          "private": "eyJlMmJmYjczMC1lY2FhLTExZTYtOGY4OC0zNDM2M2JjN2M0YzAiOnsiY3JlYXRlIjo2MDAwMDAwMDAwMDAsImRlbGV0ZSI6MTIwMDAwMDAwMDAwMH0sInNjaGVtYV92ZXJzaW9uIjoiMSJ9",
          "dependencies": [
            "aws_vpc.dr"
          ]
        }
      ]
    },
    {
      "mode": "managed",
      "type": "aws_subnet",
      "name": "public_c",
      "provider": "provider[\"registry.terraform.io/hashicorp/aws\"]",
      "instances": [
        {
          "schema_version": 1,
          "attributes": {
            "arn": "arn:aws:ec2:ap-northeast-1:626614672806:subnet/subnet-0102e7571ca0ae7b3",
            "assign_ipv6_address_on_creation": false,
            "availability_zone": "ap-northeast-1c",
            "availability_zone_id": "apne1-az1",
            "cidr_block": "10.1.0.64/26",
            "customer_owned_ipv4_pool": "",
            "enable_dns64": false,
            "enable_lni_at_device_index": 0,
            "enable_resource_name_dns_a_record_on_launch": false,
            "enable_resource_name_dns_aaaa_record_on_launch": false,
            "id": "subnet-0102e7571ca0ae7b3",
            "ipv6_cidr_block": "",
            "ipv6_cidr_block_association_id": "",
            "ipv6_native": false,
            "map_customer_owned_ip_on_launch": false,
            "map_public_ip_on_launch": true,
            "outpost_arn": "",
            "owner_id": "626614672806",
            "private_dns_hostname_type_on_launch": "ip-name",
            "tags": {
              "Name": "MegaTicket-DR-Public-Subnet-C",
              "Type": "Public"
            },
            "tags_all": {
              "Environment": "test-DR",
              "ManagedBy": "Terraform",
              "Name": "MegaTicket-DR-Public-Subnet-C",
              "Project": "MegaTicket",
              "Type": "Public"
            },
            "timeouts": null,
            "vpc_id": "vpc-0c44ffc9dd06f20fa"
          },
          "sensitive_attributes": [],
          "identity_schema_version": 0,
          "private": "eyJlMmJmYjczMC1lY2FhLTExZTYtOGY4OC0zNDM2M2JjN2M0YzAiOnsiY3JlYXRlIjo2MDAwMDAwMDAwMDAsImRlbGV0ZSI6MTIwMDAwMDAwMDAwMH0sInNjaGVtYV92ZXJzaW9uIjoiMSJ9",
          "dependencies": [
            "aws_vpc.dr"
          ]
        }
      ]
    },
    {
      "mode": "managed",
      "type": "aws_vpc",
      "name": "dr",
      "provider": "provider[\"registry.terraform.io/hashicorp/aws\"]",
      "instances": [
        {
          "schema_version": 1,
          "attributes": {
            "arn": "arn:aws:ec2:ap-northeast-1:626614672806:vpc/vpc-0c44ffc9dd06f20fa",
            "assign_generated_ipv6_cidr_block": false,
            "cidr_block": "10.1.0.0/16",
            "default_network_acl_id": "acl-03c1f679cd2899c65",
            "default_route_table_id": "rtb-05c8291770dfa75c7",
            "default_security_group_id": "sg-06163428e78458c7a",
            "dhcp_options_id": "dopt-07c7dbe5c8e358caa",
            "enable_dns_hostnames": true,
            "enable_dns_support": true,
            "enable_network_address_usage_metrics": false,
            "id": "vpc-0c44ffc9dd06f20fa",
            "instance_tenancy": "default",
            "ipv4_ipam_pool_id": null,
            "ipv4_netmask_length": null,
            "ipv6_association_id": "",
            "ipv6_cidr_block": "",
            "ipv6_cidr_block_network_border_group": "",
            "ipv6_ipam_pool_id": "",
            "ipv6_netmask_length": 0,
            "main_route_table_id": "rtb-05c8291770dfa75c7",
            "owner_id": "626614672806",
            "tags": {
              "Name": "MegaTicket-DR-VPC"
            },
            "tags_all": {
              "Environment": "test-DR",
              "ManagedBy": "Terraform",
              "Name": "MegaTicket-DR-VPC",
              "Project": "MegaTicket"
            }
          },
          "sensitive_attributes": [],
          "identity_schema_version": 0,
          "private": "eyJzY2hlbWFfdmVyc2lvbiI6IjEifQ==",
          "create_before_destroy": true
        }
      ]
    },
    {
      "mode": "managed",
      "type": "aws_vpc_endpoint",
      "name": "dynamodb",
      "provider": "provider[\"registry.terraform.io/hashicorp/aws\"]",
      "instances": [
        {
          "schema_version": 0,
          "attributes": {
            "arn": "arn:aws:ec2:ap-northeast-1:626614672806:vpc-endpoint/vpce-03504f49cb7b5f724",
            "auto_accept": null,
            "cidr_blocks": [
              "52.94.8.0/24",
              "13.248.69.0/24",
              "13.248.70.0/24",
              "35.71.114.0/25",
              "35.71.114.128/26"
            ],
            "dns_entry": [],
            "dns_options": [
              {
                "dns_record_ip_type": "service-defined",
                "private_dns_only_for_inbound_resolver_endpoint": false
              }
            ],
            "id": "vpce-03504f49cb7b5f724",
            "ip_address_type": "ipv4",
            "network_interface_ids": [],
            "owner_id": "626614672806",
            "policy": "{\"Statement\":[{\"Action\":\"*\",\"Effect\":\"Allow\",\"Principal\":\"*\",\"Resource\":\"*\"}],\"Version\":\"2008-10-17\"}",
            "prefix_list_id": "pl-78a54011",
            "private_dns_enabled": false,
            "requester_managed": false,
            "resource_configuration_arn": "",
            "route_table_ids": [
              "rtb-0ada0077a923d61cc"
            ],
            "security_group_ids": [],
            "service_name": "com.amazonaws.ap-northeast-1.dynamodb",
            "service_network_arn": "",
            "service_region": "ap-northeast-1",
            "state": "available",
            "subnet_configuration": [],
            "subnet_ids": [],
            "tags": {
              "Name": "MegaTicket-DR-DynamoDB-Endpoint"
            },
            "tags_all": {
              "Environment": "test-DR",
              "ManagedBy": "Terraform",
              "Name": "MegaTicket-DR-DynamoDB-Endpoint",
              "Project": "MegaTicket"
            },
            "timeouts": null,
            "vpc_endpoint_type": "Gateway",
            "vpc_id": "vpc-0c44ffc9dd06f20fa"
          },
          "sensitive_attributes": [],
          "identity_schema_version": 0,
          "private": "eyJlMmJmYjczMC1lY2FhLTExZTYtOGY4OC0zNDM2M2JjN2M0YzAiOnsiY3JlYXRlIjo2MDAwMDAwMDAwMDAsImRlbGV0ZSI6NjAwMDAwMDAwMDAwLCJ1cGRhdGUiOjYwMDAwMDAwMDAwMH19",
          "dependencies": [
            "aws_eip.nat",
            "aws_internet_gateway.dr",
            "aws_nat_gateway.dr",
            "aws_route_table.private",
            "aws_subnet.public_a",
            "aws_vpc.dr"
          ]
        }
      ]
    }
  ],
  "check_results": null
}
