{
  "version": 4,
  "terraform_version": "1.14.0",
  "serial": 332,
  "lineage": "f2ce71ef-4b86-49b5-2f05-89c621b92a04",
  "outputs": {
    "alb_dns_name": {
      "value": "MegaTicket-DR-ALB-415477994.ap-northeast-1.elb.amazonaws.com",
      "type": "string"
    },
    "app_asg_name": {
      "value": "MegaTicket-DR-App-ASG",
      "type": "string"
    },
    "instructions": {
      "value": "    \r\n============================================================\r\n도쿄 DR 리전 인프라 (Cold Standby) 준비 완료!\r\n============================================================\r\n    \r\n현재 비용 최적화를 위해 인스턴스는 0대로 설정되어 있습니다. (Desired=0)\r\n시스템을 가동하려면 다음 단계를 수행하세요:\r\n\r\n1. 도쿄 인전 ASG 용량 상향 (1대 이상):\r\n   terraform apply -var=\"web_asg_desired=1\" -var=\"app_asg_desired=1\"\r\n\r\n2. 서비스 확인 (Web):\r\n   http://MegaTicket-DR-ALB-415477994.ap-northeast-1.elb.amazonaws.com\r\n    \r\n3. API 헬스체크 (App):\r\n   http://MegaTicket-DR-ALB-415477994.ap-northeast-1.elb.amazonaws.com/api/health\r\n    \r\n4. 외부 인증서 연동 (팀원 제공 시):\r\n   타 팀원이 생성한 ACM 인증서가 'pilotlight-test.click'으로 존재해야 \r\n   HTTPS(443) 접속이 가능합니다. (현재는 HTTP 80 권장)\r\n\r\n============================================================\r\n주의: NAT Gateway 및 로드 밸런서는 상시 과금 리소스입니다.\r\n============================================================\r\n",
      "type": "string"
    },
    "nlb_dns_name": {
      "value": "MegaTicket-DR-NLB-59dd1f5b58c57269.elb.ap-northeast-1.amazonaws.com",
      "type": "string"
    },
    "private_subnet_ids": {
      "value": [
        "subnet-03d8408e49d75609c",
        "subnet-0c9e18a2a46d21235"
      ],
      "type": [
        "tuple",
        [
          "string",
          "string"
        ]
      ]
    },
    "public_subnet_ids": {
      "value": [
        "subnet-0f41f1adfdbc32dc2",
        "subnet-075865f6d781e68f2"
      ],
      "type": [
        "tuple",
        [
          "string",
          "string"
        ]
      ]
    },
    "vpc_id": {
      "value": "vpc-05a716c5ee53cba93",
      "type": "string"
    },
    "web_asg_name": {
      "value": "MegaTicket-DR-Web-ASG",
      "type": "string"
    }
  },
  "resources": [
    {
      "mode": "data",
      "type": "aws_acm_certificate",
      "name": "issued",
      "provider": "provider[\"registry.terraform.io/hashicorp/aws\"]",
      "instances": [
        {
          "schema_version": 0,
          "attributes": {
            "arn": "arn:aws:acm:ap-northeast-1:626614672806:certificate/905b28cd-070c-4661-b3ce-c5a98d7047ab",
            "certificate": "-----BEGIN CERTIFICATE-----\nMIIF5TCCBM2gAwIBAgIQAyb3v1orPOW0Z88swt+e8DANBgkqhkiG9w0BAQsFADA8\nMQswCQYDVQQGEwJVUzEPMA0GA1UEChMGQW1hem9uMRwwGgYDVQQDExNBbWF6b24g\nUlNBIDIwNDggTTAxMB4XDTI2MDEwNjAwMDAwMFoXDTI3MDIwNDIzNTk1OVowIDEe\nMBwGA1UEAxMVcGlsb3RsaWdodC10ZXN0LmNsaWNrMIIBIjANBgkqhkiG9w0BAQEF\nAAOCAQ8AMIIBCgKCAQEA2VujLFMLZY9rQWW7LW+RhvtE5Bv8PjmyK0LM3dG+CHjJ\nRbpg8daZZB1ZCZqde4Lw+wnqGQcLpc4V+wKB0eC5xUdYBzTrn+TMG7KN+6PCRg+W\nHa1jLGrY0XGTwYJJpRqHQ9QEyZmQtZny1s+RZ/NqQFVfMnJ/vh62pnfQ7wY+FlLV\nG7tzA1ZG213tGCA1MYEO3k61kO2KQ3d5aJnZN2GDOFEfmwPWOX5qOyucjJbDWF1+\n4S+ohe7DpxgrJrTJdtaTt897LAhmlJDT028a9c1ePZtwqkpzo0EQd8hAuKogKLq3\nNgA9UIhHG2F9CpRucWhmnPQdPNmF/qOe1sWyzAZHmwIDAQABo4IC/TCCAvkwHwYD\nVR0jBBgwFoAUgbgOY4qJEhjl+js7UJWf5uWQE4UwHQYDVR0OBBYEFN0t54LvADfL\ngooKjaFYVxECMOKKMDsGA1UdEQQ0MDKCFXBpbG90bGlnaHQtdGVzdC5jbGlja4IZ\nd3d3LnBpbG90bGlnaHQtdGVzdC5jbGljazATBgNVHSAEDDAKMAgGBmeBDAECATAO\nBgNVHQ8BAf8EBAMCBaAwEwYDVR0lBAwwCgYIKwYBBQUHAwEwOwYDVR0fBDQwMjAw\noC6gLIYqaHR0cDovL2NybC5yMm0wMS5hbWF6b250cnVzdC5jb20vcjJtMDEuY3Js\nMHUGCCsGAQUFBwEBBGkwZzAtBggrBgEFBQcwAYYhaHR0cDovL29jc3AucjJtMDEu\nYW1hem9udHJ1c3QuY29tMDYGCCsGAQUFBzAChipodHRwOi8vY3J0LnIybTAxLmFt\nYXpvbnRydXN0LmNvbS9yMm0wMS5jZXIwDAYDVR0TAQH/BAIwADCCAXwGCisGAQQB\n1nkCBAIEggFsBIIBaAFmAHYATGPcmOWcHauI9h6KPd6uj6tEozd7X5uUw/uhnPzB\nviYAAAGbkSPyhQAABAMARzBFAiBtjbLo5gidQy3aAtZ2FzcpbVWnec+qO3jI/JvG\npHRtvgIhAOHP6HzdpdPCGWoDnapk5pFPP7LP0UwBS1NLppqY+rA0AHUAHJ9oLOn6\n8EVpUPgbloqH3dsyENhM5siy44JSSsTPWZ8AAAGbkSPydAAABAMARjBEAiAazw2Q\nc/nftgfBrsTVAxe5i2GMpVQ5XGiDhKjjH6HzQwIgNSfMN8wwhqNItu7beCWiV6+j\nYr+CYXVfjzxHsMHxl54AdQBgTJqven93XwHUBvySDciZ6wscffjJUhv6+hd3O5eL\nyQAAAZuRI/NbAAAEAwBGMEQCICzFHjaIFnU5vciJs6Lq5E7Ny4NylE16Y6wIVouD\nCF2qAiBoZPFwzEzrAbTjhvmOmOg+k0fe/ktMIlBDz1sWvxL30TANBgkqhkiG9w0B\nAQsFAAOCAQEAqoefJiC9l72ZxhpELkSlkBIWzmrXsBA2WUDNCEJK+3GwQnJlmFlI\nvFeti79zQYurwxTrkEMj+RMobOKzZDqMfE/GWafzxAQe0ZJK4TBgkzIMpvAcc/i8\nw8/D+FW/mA61o946VjkYR4Pb4kcgNZlk96MbX/Q4K9Nu29Vke8tp36iOa58/XRcK\n4HUutWw8h79u5qEu68hIQyet5CNX81qJbOwBwsilepN5PkTG4ucV7XWFoU0ooF3f\nmrKGJXYYHruiFjUGym8975Q1JMc4MpNN6S2n8ZY9kUpb7NXkVG4kB4rryQkwVwes\n6awEQxNWA+RBX3GDSW1mYPY9ZgM0h8hh+Q==\n-----END CERTIFICATE-----\n",
            "certificate_chain": "-----BEGIN CERTIFICATE-----\nMIIEXjCCA0agAwIBAgITB3MSOAudZoijOx7Zv5zNpo4ODzANBgkqhkiG9w0BAQsF\nADA5MQswCQYDVQQGEwJVUzEPMA0GA1UEChMGQW1hem9uMRkwFwYDVQQDExBBbWF6\nb24gUm9vdCBDQSAxMB4XDTIyMDgyMzIyMjEyOFoXDTMwMDgyMzIyMjEyOFowPDEL\nMAkGA1UEBhMCVVMxDzANBgNVBAoTBkFtYXpvbjEcMBoGA1UEAxMTQW1hem9uIFJT\nQSAyMDQ4IE0wMTCCASIwDQYJKoZIhvcNAQEBBQADggEPADCCAQoCggEBAOtxLKnL\nH4gokjIwr4pXD3i3NyWVVYesZ1yX0yLI2qIUZ2t88Gfa4gMqs1YSXca1R/lnCKeT\nepWSGA+0+fkQNpp/L4C2T7oTTsddUx7g3ZYzByDTlrwS5HRQQqEFE3O1T5tEJP4t\nf+28IoXsNiEzl3UGzicYgtzj2cWCB41eJgEmJmcf2T8TzzK6a614ZPyq/w4CPAff\nnAV4coz96nW3AyiE2uhuB4zQUIXvgVSycW7sbWLvj5TDXunEpNCRwC4kkZjK7rol\njtT2cbb7W2s4Bkg3R42G3PLqBvt2N32e/0JOTViCk8/iccJ4sXqrS1uUN4iB5Nmv\nJK74csVl+0u0UecCAwEAAaOCAVowggFWMBIGA1UdEwEB/wQIMAYBAf8CAQAwDgYD\nVR0PAQH/BAQDAgGGMB0GA1UdJQQWMBQGCCsGAQUFBwMBBggrBgEFBQcDAjAdBgNV\nHQ4EFgQUgbgOY4qJEhjl+js7UJWf5uWQE4UwHwYDVR0jBBgwFoAUhBjMhTTsvAyU\nlC4IWZzHshBOCggwewYIKwYBBQUHAQEEbzBtMC8GCCsGAQUFBzABhiNodHRwOi8v\nb2NzcC5yb290Y2ExLmFtYXpvbnRydXN0LmNvbTA6BggrBgEFBQcwAoYuaHR0cDov\nL2NydC5yb290Y2ExLmFtYXpvbnRydXN0LmNvbS9yb290Y2ExLmNlcjA/BgNVHR8E\nODA2MDSgMqAwhi5odHRwOi8vY3JsLnJvb3RjYTEuYW1hem9udHJ1c3QuY29tL3Jv\nb3RjYTEuY3JsMBMGA1UdIAQMMAowCAYGZ4EMAQIBMA0GCSqGSIb3DQEBCwUAA4IB\nAQCtAN4CBSMuBjJitGuxlBbkEUDeK/pZwTXv4KqPK0G50fOHOQAd8j21p0cMBgbG\nkfMHVwLU7b0XwZCav0h1ogdPMN1KakK1DT0VwA/+hFvGPJnMV1Kx2G4S1ZaSk0uU\n5QfoiYIIano01J5k4T2HapKQmmOhS/iPtuo00wW+IMLeBuKMn3OLn005hcrOGTad\nhcmeyfhQP7Z+iKHvyoQGi1C0ClymHETx/chhQGDyYSWqB/THwnN15AwLQo0E5V9E\nSJlbe4mBlqeInUsNYugExNf+tOiybcrswBy8OFsd34XOW3rjSUtsuafd9AWySa3h\nxRRrwszrzX/WWGm6wyB+f7C4\n-----END CERTIFICATE-----\n-----BEGIN CERTIFICATE-----\nMIIEkjCCA3qgAwIBAgITBn+USionzfP6wq4rAfkI7rnExjANBgkqhkiG9w0BAQsF\nADCBmDELMAkGA1UEBhMCVVMxEDAOBgNVBAgTB0FyaXpvbmExEzARBgNVBAcTClNj\nb3R0c2RhbGUxJTAjBgNVBAoTHFN0YXJmaWVsZCBUZWNobm9sb2dpZXMsIEluYy4x\nOzA5BgNVBAMTMlN0YXJmaWVsZCBTZXJ2aWNlcyBSb290IENlcnRpZmljYXRlIEF1\ndGhvcml0eSAtIEcyMB4XDTE1MDUyNTEyMDAwMFoXDTM3MTIzMTAxMDAwMFowOTEL\nMAkGA1UEBhMCVVMxDzANBgNVBAoTBkFtYXpvbjEZMBcGA1UEAxMQQW1hem9uIFJv\nb3QgQ0EgMTCCASIwDQYJKoZIhvcNAQEBBQADggEPADCCAQoCggEBALJ4gHHKeNXj\nca9HgFB0fW7Y14h29Jlo91ghYPl0hAEvrAIthtOgQ3pOsqTQNroBvo3bSMgHFzZM\n9O6II8c+6zf1tRn4SWiw3te5djgdYZ6k/oI2peVKVuRF4fn9tBb6dNqcmzU5L/qw\nIFAGbHrQgLKm+a/sRxmPUDgH3KKHOVj4utWp+UhnMJbulHheb4mjUcAwhmahRWa6\nVOujw5H5SNz/0egwLX0tdHA114gk957EWW67c4cX8jJGKLhD+rcdqsq08p8kDi1L\n93FcXmn/6pUCyziKrlA4b9v7LWIbxcceVOF34GfID5yHI9Y/QCB/IIDEgEw+OyQm\njgSubJrIqg0CAwEAAaOCATEwggEtMA8GA1UdEwEB/wQFMAMBAf8wDgYDVR0PAQH/\nBAQDAgGGMB0GA1UdDgQWBBSEGMyFNOy8DJSULghZnMeyEE4KCDAfBgNVHSMEGDAW\ngBScXwDfqgHXMCs4iKK4bUqc8hGRgzB4BggrBgEFBQcBAQRsMGowLgYIKwYBBQUH\nMAGGImh0dHA6Ly9vY3NwLnJvb3RnMi5hbWF6b250cnVzdC5jb20wOAYIKwYBBQUH\nMAKGLGh0dHA6Ly9jcnQucm9vdGcyLmFtYXpvbnRydXN0LmNvbS9yb290ZzIuY2Vy\nMD0GA1UdHwQ2MDQwMqAwoC6GLGh0dHA6Ly9jcmwucm9vdGcyLmFtYXpvbnRydXN0\nLmNvbS9yb290ZzIuY3JsMBEGA1UdIAQKMAgwBgYEVR0gADANBgkqhkiG9w0BAQsF\nAAOCAQEAYjdCXLwQtT6LLOkMm2xF4gcAevnFWAu5CIw+7bMlPLVvUOTNNWqnkzSW\nMiGpSESrnO09tKpzbeR/FoCJbM8oAxiDR3mjEH4wW6w7sGDgd9QIpuEdfF7Au/ma\neyKdpwAJfqxGF4PcnCZXmTA5YpaP7dreqsXMGz7KQ2hsVxa81Q4gLv7/wmpdLqBK\nbRRYh5TmOTFffHPLkIhqhBGWJ6bt2YFGpn6jcgAKUj6DiAdjd4lpFw85hdKrCEVN\n0FE6/V1dN2RMfjCyVSRCnTawXZwXgWHxyvkQAiSr6w10kY17RSlQOYiypok1JR4U\nakcjMS9cmvqtmg5iUaQqqcT5NJ0hGA==\n-----END CERTIFICATE-----\n",
            "domain": "pilotlight-test.click",
            "id": "arn:aws:acm:ap-northeast-1:626614672806:certificate/905b28cd-070c-4661-b3ce-c5a98d7047ab",
            "key_types": null,
            "most_recent": true,
            "status": "ISSUED",
            "statuses": [
              "ISSUED"
            ],
            "tags": {},
            "types": null
          },
          "sensitive_attributes": [],
          "identity_schema_version": 0
        }
      ]
    },
    {
      "mode": "data",
      "type": "aws_ssm_parameter",
      "name": "amazon_linux_2",
      "provider": "provider[\"registry.terraform.io/hashicorp/aws\"]",
      "instances": [
        {
          "schema_version": 0,
          "attributes": {
            "arn": "arn:aws:ssm:ap-northeast-1::parameter/aws/service/ami-amazon-linux-latest/amzn2-ami-hvm-x86_64-gp2",
            "id": "/aws/service/ami-amazon-linux-latest/amzn2-ami-hvm-x86_64-gp2",
            "insecure_value": "ami-0536b5f8533c594b5",
            "name": "/aws/service/ami-amazon-linux-latest/amzn2-ami-hvm-x86_64-gp2",
            "type": "String",
            "value": "ami-0536b5f8533c594b5",
            "version": 173,
            "with_decryption": true
          },
          "sensitive_attributes": [
            [
              {
                "type": "get_attr",
                "value": "value"
              }
            ]
          ],
          "identity_schema_version": 0
        }
      ]
    },
    {
      "mode": "managed",
      "type": "aws_autoscaling_group",
      "name": "app",
      "provider": "provider[\"registry.terraform.io/hashicorp/aws\"]",
      "instances": [
        {
          "schema_version": 1,
          "attributes": {
            "arn": "arn:aws:autoscaling:ap-northeast-1:626614672806:autoScalingGroup:c6a57e8d-15d5-4aa9-b469-964e8044bec7:autoScalingGroupName/MegaTicket-DR-App-ASG",
            "availability_zone_distribution": [
              {
                "capacity_distribution_strategy": "balanced-best-effort"
              }
            ],
            "availability_zones": [
              "ap-northeast-1a",
              "ap-northeast-1c"
            ],
            "capacity_rebalance": false,
            "capacity_reservation_specification": [
              {
                "capacity_reservation_preference": "default",
                "capacity_reservation_target": []
              }
            ],
            "context": "",
            "default_cooldown": 300,
            "default_instance_warmup": 0,
            "desired_capacity": 0,
            "desired_capacity_type": "",
            "enabled_metrics": [],
            "force_delete": false,
            "force_delete_warm_pool": false,
            "health_check_grace_period": 300,
            "health_check_type": "ELB",
            "id": "MegaTicket-DR-App-ASG",
            "ignore_failed_scaling_activities": false,
            "initial_lifecycle_hook": [],
            "instance_maintenance_policy": [],
            "instance_refresh": [],
            "launch_configuration": "",
            "launch_template": [
              {
                "id": "lt-07ee05caf9e019f4a",
                "name": "MegaTicket-DR-App-LT-20260106030020235800000001",
                "version": "$Latest"
              }
            ],
            "load_balancers": [],
            "max_instance_lifetime": 0,
            "max_size": 0,
            "metrics_granularity": "1Minute",
            "min_elb_capacity": null,
            "min_size": 0,
            "mixed_instances_policy": [],
            "name": "MegaTicket-DR-App-ASG",
            "name_prefix": "",
            "placement_group": "",
            "predicted_capacity": 0,
            "protect_from_scale_in": false,
            "service_linked_role_arn": "arn:aws:iam::626614672806:role/aws-service-role/autoscaling.amazonaws.com/AWSServiceRoleForAutoScaling",
            "suspended_processes": [],
            "tag": [
              {
                "key": "Name",
                "propagate_at_launch": true,
                "value": "MegaTicket-DR-App"
              }
            ],
            "target_group_arns": [
              "arn:aws:elasticloadbalancing:ap-northeast-1:626614672806:targetgroup/MegaTicket-DR-App-NLB-TG/9581b8eaf8af5c7e"
            ],
            "termination_policies": [],
            "timeouts": null,
            "traffic_source": [
              {
                "identifier": "arn:aws:elasticloadbalancing:ap-northeast-1:626614672806:targetgroup/MegaTicket-DR-App-NLB-TG/9581b8eaf8af5c7e",
                "type": "elbv2"
              }
            ],
            "vpc_zone_identifier": [
              "subnet-03d8408e49d75609c",
              "subnet-0c9e18a2a46d21235"
            ],
            "wait_for_capacity_timeout": "10m",
            "wait_for_elb_capacity": null,
            "warm_pool": [],
            "warm_pool_size": 0
          },
          "sensitive_attributes": [],
          "identity_schema_version": 0,
          "private": "eyJlMmJmYjczMC1lY2FhLTExZTYtOGY4OC0zNDM2M2JjN2M0YzAiOnsiZGVsZXRlIjo2MDAwMDAwMDAwMDAsInVwZGF0ZSI6NjAwMDAwMDAwMDAwfSwic2NoZW1hX3ZlcnNpb24iOiIxIn0=",
          "dependencies": [
            "aws_iam_instance_profile.ec2_profile",
            "aws_iam_role.ec2_role",
            "aws_launch_template.app",
            "aws_lb_target_group.app_nlb",
            "aws_security_group.alb",
            "aws_security_group.app",
            "aws_security_group.web",
            "aws_subnet.private_a",
            "aws_subnet.private_c",
            "aws_vpc.dr",
            "data.aws_ssm_parameter.amazon_linux_2"
          ],
          "create_before_destroy": true
        }
      ]
    },
    {
      "mode": "managed",
      "type": "aws_autoscaling_group",
      "name": "web",
      "provider": "provider[\"registry.terraform.io/hashicorp/aws\"]",
      "instances": [
        {
          "schema_version": 1,
          "attributes": {
            "arn": "arn:aws:autoscaling:ap-northeast-1:626614672806:autoScalingGroup:1d691230-1c33-4f3b-aada-d7dc005a5b5e:autoScalingGroupName/MegaTicket-DR-Web-ASG",
            "availability_zone_distribution": [
              {
                "capacity_distribution_strategy": "balanced-best-effort"
              }
            ],
            "availability_zones": [
              "ap-northeast-1a",
              "ap-northeast-1c"
            ],
            "capacity_rebalance": false,
            "capacity_reservation_specification": [
              {
                "capacity_reservation_preference": "default",
                "capacity_reservation_target": []
              }
            ],
            "context": "",
            "default_cooldown": 300,
            "default_instance_warmup": 0,
            "desired_capacity": 0,
            "desired_capacity_type": "",
            "enabled_metrics": [],
            "force_delete": false,
            "force_delete_warm_pool": false,
            "health_check_grace_period": 300,
            "health_check_type": "ELB",
            "id": "MegaTicket-DR-Web-ASG",
            "ignore_failed_scaling_activities": false,
            "initial_lifecycle_hook": [],
            "instance_maintenance_policy": [],
            "instance_refresh": [],
            "launch_configuration": "",
            "launch_template": [
              {
                "id": "lt-043bfcc7db89ad014",
                "name": "MegaTicket-DR-Web-LT-20260106030020235800000003",
                "version": "$Latest"
              }
            ],
            "load_balancers": [],
            "max_instance_lifetime": 0,
            "max_size": 0,
            "metrics_granularity": "1Minute",
            "min_elb_capacity": null,
            "min_size": 0,
            "mixed_instances_policy": [],
            "name": "MegaTicket-DR-Web-ASG",
            "name_prefix": "",
            "placement_group": "",
            "predicted_capacity": 0,
            "protect_from_scale_in": false,
            "service_linked_role_arn": "arn:aws:iam::626614672806:role/aws-service-role/autoscaling.amazonaws.com/AWSServiceRoleForAutoScaling",
            "suspended_processes": [],
            "tag": [
              {
                "key": "Name",
                "propagate_at_launch": true,
                "value": "MegaTicket-DR-Web"
              }
            ],
            "target_group_arns": [
              "arn:aws:elasticloadbalancing:ap-northeast-1:626614672806:targetgroup/MegaTicket-DR-Web-TG/2270c5bfe64620f2"
            ],
            "termination_policies": [],
            "timeouts": null,
            "traffic_source": [
              {
                "identifier": "arn:aws:elasticloadbalancing:ap-northeast-1:626614672806:targetgroup/MegaTicket-DR-Web-TG/2270c5bfe64620f2",
                "type": "elbv2"
              }
            ],
            "vpc_zone_identifier": [
              "subnet-03d8408e49d75609c",
              "subnet-0c9e18a2a46d21235"
            ],
            "wait_for_capacity_timeout": "10m",
            "wait_for_elb_capacity": null,
            "warm_pool": [],
            "warm_pool_size": 0
          },
          "sensitive_attributes": [],
          "identity_schema_version": 0,
          "private": "eyJlMmJmYjczMC1lY2FhLTExZTYtOGY4OC0zNDM2M2JjN2M0YzAiOnsiZGVsZXRlIjo2MDAwMDAwMDAwMDAsInVwZGF0ZSI6NjAwMDAwMDAwMDAwfSwic2NoZW1hX3ZlcnNpb24iOiIxIn0=",
          "dependencies": [
            "aws_iam_instance_profile.ec2_profile",
            "aws_iam_role.ec2_role",
            "aws_launch_template.web",
            "aws_lb.nlb",
            "aws_lb_target_group.web",
            "aws_security_group.alb",
            "aws_security_group.web",
            "aws_subnet.private_a",
            "aws_subnet.private_c",
            "aws_vpc.dr",
            "data.aws_ssm_parameter.amazon_linux_2"
          ],
          "create_before_destroy": true
        }
      ]
    },
    {
      "mode": "managed",
      "type": "aws_eip",
      "name": "nat",
      "provider": "provider[\"registry.terraform.io/hashicorp/aws\"]",
      "instances": [
        {
          "schema_version": 0,
          "attributes": {
            "address": null,
            "allocation_id": "eipalloc-0bccda171061b3b5c",
            "arn": "arn:aws:ec2:ap-northeast-1:626614672806:elastic-ip/eipalloc-0bccda171061b3b5c",
            "associate_with_private_ip": null,
            "association_id": "eipassoc-09fa9a99b6ddfccdb",
            "carrier_ip": "",
            "customer_owned_ip": "",
            "customer_owned_ipv4_pool": "",
            "domain": "vpc",
            "id": "eipalloc-0bccda171061b3b5c",
            "instance": "",
            "ipam_pool_id": null,
            "network_border_group": "ap-northeast-1",
            "network_interface": "eni-07d00ef90edda74e4",
            "private_dns": "ip-10-1-0-21.ap-northeast-1.compute.internal",
            "private_ip": "10.1.0.21",
            "ptr_record": "",
            "public_dns": "ec2-54-65-207-101.ap-northeast-1.compute.amazonaws.com",
            "public_ip": "54.65.207.101",
            "public_ipv4_pool": "amazon",
            "tags": {
              "Name": "MegaTicket-DR-NAT-EIP"
            },
            "tags_all": {
              "Environment": "test-DR",
              "ManagedBy": "Terraform",
              "Name": "MegaTicket-DR-NAT-EIP",
              "Project": "MegaTicket"
            },
            "timeouts": null,
            "vpc": true
          },
          "sensitive_attributes": [],
          "identity_schema_version": 0,
          "private": "eyJlMmJmYjczMC1lY2FhLTExZTYtOGY4OC0zNDM2M2JjN2M0YzAiOnsiZGVsZXRlIjoxODAwMDAwMDAwMDAsInJlYWQiOjkwMDAwMDAwMDAwMCwidXBkYXRlIjozMDAwMDAwMDAwMDB9fQ=="
        }
      ]
    },
    {
      "mode": "managed",
      "type": "aws_iam_instance_profile",
      "name": "ec2_profile",
      "provider": "provider[\"registry.terraform.io/hashicorp/aws\"]",
      "instances": [
        {
          "schema_version": 0,
          "attributes": {
            "arn": "arn:aws:iam::626614672806:instance-profile/MegaTicket-DR-EC2-Profile",
            "create_date": "2026-01-06T02:35:36Z",
            "id": "MegaTicket-DR-EC2-Profile",
            "name": "MegaTicket-DR-EC2-Profile",
            "name_prefix": "",
            "path": "/",
            "role": "MegaTicket-DR-EC2-Role",
            "tags": {},
            "tags_all": {
              "Environment": "test-DR",
              "ManagedBy": "Terraform",
              "Project": "MegaTicket"
            },
            "unique_id": "AIPAZDZJFDWTE4OBX4BSV"
          },
          "sensitive_attributes": [],
          "identity_schema_version": 0,
          "private": "bnVsbA==",
          "dependencies": [
            "aws_iam_role.ec2_role"
          ],
          "create_before_destroy": true
        }
      ]
    },
    {
      "mode": "managed",
      "type": "aws_iam_role",
      "name": "ec2_role",
      "provider": "provider[\"registry.terraform.io/hashicorp/aws\"]",
      "instances": [
        {
          "schema_version": 0,
          "attributes": {
            "arn": "arn:aws:iam::626614672806:role/MegaTicket-DR-EC2-Role",
            "assume_role_policy": "{\"Statement\":[{\"Action\":\"sts:AssumeRole\",\"Effect\":\"Allow\",\"Principal\":{\"Service\":\"ec2.amazonaws.com\"}}],\"Version\":\"2012-10-17\"}",
            "create_date": "2026-01-06T02:35:35Z",
            "description": "",
            "force_detach_policies": false,
            "id": "MegaTicket-DR-EC2-Role",
            "inline_policy": [
              {
                "name": "MegaTicket-DR-Bedrock-Policy",
                "policy": "{\"Version\":\"2012-10-17\",\"Statement\":[{\"Action\":[\"bedrock:InvokeModel\",\"bedrock:InvokeModelWithResponseStream\",\"bedrock:Converse\",\"bedrock:ConverseStream\"],\"Effect\":\"Allow\",\"Resource\":[\"arn:aws:bedrock:*::foundation-model/anthropic.*\",\"arn:aws:bedrock:*::foundation-model/amazon.*\",\"arn:aws:bedrock:*:*:inference-profile/*\"],\"Sid\":\"BedrockInvokeAndConverse\"}]}"
              },
              {
                "name": "MegaTicket-DR-CloudWatch-Policy",
                "policy": "{\"Version\":\"2012-10-17\",\"Statement\":[{\"Action\":[\"logs:CreateLogGroup\",\"logs:CreateLogStream\",\"logs:PutLogEvents\"],\"Effect\":\"Allow\",\"Resource\":\"arn:aws:logs:*:*:*\",\"Sid\":\"CloudWatchLogs\"}]}"
              },
              {
                "name": "MegaTicket-DR-DynamoDB-MinimalAccess",
                "policy": "{\"Version\":\"2012-10-17\",\"Statement\":[{\"Action\":[\"dynamodb:GetItem\",\"dynamodb:PutItem\",\"dynamodb:UpdateItem\",\"dynamodb:DeleteItem\",\"dynamodb:Query\",\"dynamodb:Scan\",\"dynamodb:TransactWriteItems\",\"dynamodb:BatchWriteItem\",\"dynamodb:BatchGetItem\",\"dynamodb:DescribeTable\"],\"Effect\":\"Allow\",\"Resource\":[\"arn:aws:dynamodb:ap-northeast-1:*:table/KDT-Msp4-PLDR-*\",\"arn:aws:dynamodb:ap-northeast-1:*:table/KDT-Msp4-PLDR-*/index/*\"],\"Sid\":\"DynamoDBMinimalAccess\"}]}"
              }
            ],
            "managed_policy_arns": [
              "arn:aws:iam::aws:policy/AmazonSSMManagedInstanceCore"
            ],
            "max_session_duration": 3600,
            "name": "MegaTicket-DR-EC2-Role",
            "name_prefix": "",
            "path": "/",
            "permissions_boundary": "",
            "tags": {
              "Name": "MegaTicket-DR-EC2-Role"
            },
            "tags_all": {
              "Environment": "test-DR",
              "ManagedBy": "Terraform",
              "Name": "MegaTicket-DR-EC2-Role",
              "Project": "MegaTicket"
            },
            "unique_id": "AROAZDZJFDWTBOITUGMVJ"
          },
          "sensitive_attributes": [],
          "identity_schema_version": 0,
          "private": "bnVsbA==",
          "create_before_destroy": true
        }
      ]
    },
    {
      "mode": "managed",
      "type": "aws_iam_role_policy",
      "name": "bedrock_policy",
      "provider": "provider[\"registry.terraform.io/hashicorp/aws\"]",
      "instances": [
        {
          "schema_version": 0,
          "attributes": {
            "id": "MegaTicket-DR-EC2-Role:MegaTicket-DR-Bedrock-Policy",
            "name": "MegaTicket-DR-Bedrock-Policy",
            "name_prefix": "",
            "policy": "{\"Version\":\"2012-10-17\",\"Statement\":[{\"Action\":[\"bedrock:InvokeModel\",\"bedrock:InvokeModelWithResponseStream\",\"bedrock:Converse\",\"bedrock:ConverseStream\"],\"Effect\":\"Allow\",\"Resource\":[\"arn:aws:bedrock:*::foundation-model/anthropic.*\",\"arn:aws:bedrock:*::foundation-model/amazon.*\",\"arn:aws:bedrock:*:*:inference-profile/*\"],\"Sid\":\"BedrockInvokeAndConverse\"}]}",
            "role": "MegaTicket-DR-EC2-Role"
          },
          "sensitive_attributes": [],
          "identity_schema_version": 0,
          "private": "bnVsbA==",
          "dependencies": [
            "aws_iam_role.ec2_role"
          ]
        }
      ]
    },
    {
      "mode": "managed",
      "type": "aws_iam_role_policy",
      "name": "cloudwatch_policy",
      "provider": "provider[\"registry.terraform.io/hashicorp/aws\"]",
      "instances": [
        {
          "schema_version": 0,
          "attributes": {
            "id": "MegaTicket-DR-EC2-Role:MegaTicket-DR-CloudWatch-Policy",
            "name": "MegaTicket-DR-CloudWatch-Policy",
            "name_prefix": "",
            "policy": "{\"Version\":\"2012-10-17\",\"Statement\":[{\"Action\":[\"logs:CreateLogGroup\",\"logs:CreateLogStream\",\"logs:PutLogEvents\"],\"Effect\":\"Allow\",\"Resource\":\"arn:aws:logs:*:*:*\",\"Sid\":\"CloudWatchLogs\"}]}",
            "role": "MegaTicket-DR-EC2-Role"
          },
          "sensitive_attributes": [],
          "identity_schema_version": 0,
          "private": "bnVsbA==",
          "dependencies": [
            "aws_iam_role.ec2_role"
          ]
        }
      ]
    },
    {
      "mode": "managed",
      "type": "aws_iam_role_policy",
      "name": "dynamodb_policy",
      "provider": "provider[\"registry.terraform.io/hashicorp/aws\"]",
      "instances": [
        {
          "schema_version": 0,
          "attributes": {
            "id": "MegaTicket-DR-EC2-Role:MegaTicket-DR-DynamoDB-MinimalAccess",
            "name": "MegaTicket-DR-DynamoDB-MinimalAccess",
            "name_prefix": "",
            "policy": "{\"Version\":\"2012-10-17\",\"Statement\":[{\"Action\":[\"dynamodb:GetItem\",\"dynamodb:PutItem\",\"dynamodb:UpdateItem\",\"dynamodb:DeleteItem\",\"dynamodb:Query\",\"dynamodb:Scan\",\"dynamodb:TransactWriteItems\",\"dynamodb:BatchWriteItem\",\"dynamodb:BatchGetItem\",\"dynamodb:DescribeTable\"],\"Effect\":\"Allow\",\"Resource\":[\"arn:aws:dynamodb:ap-northeast-1:*:table/KDT-Msp4-PLDR-*\",\"arn:aws:dynamodb:ap-northeast-1:*:table/KDT-Msp4-PLDR-*/index/*\"],\"Sid\":\"DynamoDBMinimalAccess\"}]}",
            "role": "MegaTicket-DR-EC2-Role"
          },
          "sensitive_attributes": [],
          "identity_schema_version": 0,
          "private": "bnVsbA==",
          "dependencies": [
            "aws_iam_role.ec2_role"
          ]
        }
      ]
    },
    {
      "mode": "managed",
      "type": "aws_iam_role_policy_attachment",
      "name": "ssm",
      "provider": "provider[\"registry.terraform.io/hashicorp/aws\"]",
      "instances": [
        {
          "schema_version": 0,
          "attributes": {
            "id": "MegaTicket-DR-EC2-Role-20260106023537884600000001",
            "policy_arn": "arn:aws:iam::aws:policy/AmazonSSMManagedInstanceCore",
            "role": "MegaTicket-DR-EC2-Role"
          },
          "sensitive_attributes": [],
          "identity_schema_version": 0,
          "private": "bnVsbA==",
          "dependencies": [
            "aws_iam_role.ec2_role"
          ]
        }
      ]
    },
    {
      "mode": "managed",
      "type": "aws_internet_gateway",
      "name": "dr",
      "provider": "provider[\"registry.terraform.io/hashicorp/aws\"]",
      "instances": [
        {
          "schema_version": 0,
          "attributes": {
            "arn": "arn:aws:ec2:ap-northeast-1:626614672806:internet-gateway/igw-0ebb615474bbc5817",
            "id": "igw-0ebb615474bbc5817",
            "owner_id": "626614672806",
            "tags": {
              "Name": "MegaTicket-DR-IGW"
            },
            "tags_all": {
              "Environment": "test-DR",
              "ManagedBy": "Terraform",
              "Name": "MegaTicket-DR-IGW",
              "Project": "MegaTicket"
            },
            "timeouts": null,
            "vpc_id": "vpc-05a716c5ee53cba93"
          },
          "sensitive_attributes": [],
          "identity_schema_version": 0,
          "private": "eyJlMmJmYjczMC1lY2FhLTExZTYtOGY4OC0zNDM2M2JjN2M0YzAiOnsiY3JlYXRlIjoxMjAwMDAwMDAwMDAwLCJkZWxldGUiOjEyMDAwMDAwMDAwMDAsInVwZGF0ZSI6MTIwMDAwMDAwMDAwMH19",
          "dependencies": [
            "aws_vpc.dr"
          ]
        }
      ]
    },
    {
      "mode": "managed",
      "type": "aws_launch_template",
      "name": "app",
      "provider": "provider[\"registry.terraform.io/hashicorp/aws\"]",
      "instances": [
        {
          "schema_version": 0,
          "attributes": {
            "arn": "arn:aws:ec2:ap-northeast-1:626614672806:launch-template/lt-07ee05caf9e019f4a",
            "block_device_mappings": [],
            "capacity_reservation_specification": [],
            "cpu_options": [],
            "credit_specification": [],
            "default_version": 4,
            "description": "",
            "disable_api_stop": false,
            "disable_api_termination": false,
            "ebs_optimized": "",
            "elastic_gpu_specifications": [],
            "elastic_inference_accelerator": [],
            "enclave_options": [],
            "hibernation_options": [],
            "iam_instance_profile": [
              {
                "arn": "",
                "name": "MegaTicket-DR-EC2-Profile"
              }
            ],
            "id": "lt-07ee05caf9e019f4a",
            "image_id": "ami-00566aaad158d7313",
            "instance_initiated_shutdown_behavior": "",
            "instance_market_options": [],
            "instance_requirements": [],
            "instance_type": "t2.medium",
            "kernel_id": "",
            "key_name": "seungwan_tokyo",
            "latest_version": 4,
            "license_specification": [],
            "maintenance_options": [],
            "metadata_options": [],
            "monitoring": [],
            "name": "MegaTicket-DR-App-LT-20260106030020235800000001",
            "name_prefix": "MegaTicket-DR-App-LT-",
            "network_interfaces": [],
            "placement": [],
            "private_dns_name_options": [],
            "ram_disk_id": "",
            "security_group_names": [],
            "tag_specifications": [
              {
                "resource_type": "instance",
                "tags": {
                  "Name": "MegaTicket-DR-App"
                }
              }
            ],
            "tags": {},
            "tags_all": {
              "Environment": "test-DR",
              "ManagedBy": "Terraform",
              "Project": "MegaTicket"
            },
            "update_default_version": null,
            "user_data": "IyEvYmluL2Jhc2gKc2V0IC14CmV4ZWMgPiA+KHRlZSAvdmFyL2xvZy91c2VyLWRhdGEubG9nKSAyPiYxCmVjaG8gIj09PSBEUiBBcHAgVXNlciBEYXRhIFN0YXJ0ZWQ6ICQoZGF0ZSkgPT09IgoKIyDtmZjqsr3rs4DsiJgg7YyM7J28IOyDneyEsQplY2hvICJleHBvcnQgQVdTX1JFR0lPTj1hcC1ub3J0aGVhc3QtMSIgPiAvaG9tZS9lYzItdXNlci9kci1lbnYuc2gKZWNobyAiZXhwb3J0IFBPUlQ9MzAwMSIgPj4gL2hvbWUvZWMyLXVzZXIvZHItZW52LnNoCmVjaG8gImV4cG9ydCBEWU5BTU9EQl9SRVNFUlZBVElPTlNfVEFCTEU9S0RULU1zcDQtUExEUi1yZXNlcnZhdGlvbnMiID4+IC9ob21lL2VjMi11c2VyL2RyLWVudi5zaAplY2hvICJleHBvcnQgRFlOQU1PREJfUEVSRk9STUFOQ0VTX1RBQkxFPUtEVC1Nc3A0LVBMRFItcGVyZm9ybWFuY2VzIiA+PiAvaG9tZS9lYzItdXNlci9kci1lbnYuc2gKZWNobyAiZXhwb3J0IERZTkFNT0RCX1ZFTlVFU19UQUJMRT1LRFQtTXNwNC1QTERSLXZlbnVlcyIgPj4gL2hvbWUvZWMyLXVzZXIvZHItZW52LnNoCmVjaG8gImV4cG9ydCBEWU5BTU9EQl9TQ0hFRFVMRVNfVEFCTEU9S0RULU1zcDQtUExEUi1zY2hlZHVsZXMiID4+IC9ob21lL2VjMi11c2VyL2RyLWVudi5zaAplY2hvICJleHBvcnQgRFJfUkVDT1ZFUllfTU9ERT10cnVlIiA+PiAvaG9tZS9lYzItdXNlci9kci1lbnYuc2gKCmNob3duIGVjMi11c2VyOmVjMi11c2VyIC9ob21lL2VjMi11c2VyL2RyLWVudi5zaApjaG1vZCA2NDQgL2hvbWUvZWMyLXVzZXIvZHItZW52LnNoCgojIFBNMiDsnqzsi5zsnpEgLSDtmZjqsr3rs4DsiJjrpbwg66qF7Iuc7KCB7Jy866GcIOyjvOyehe2VmOyXrCBzdGFydAplY2hvICI9PT0gUmVzdGFydGluZyBBcHAgQmFja2VuZCA9PT0iCnN1ZG8gLXUgZWMyLXVzZXIgYmFzaCAtYyAnc291cmNlICRIT01FLy5udm0vbnZtLnNoICYmIHBtMiBkZWxldGUgYXBwLWJhY2tlbmQgfHwgdHJ1ZScKc3VkbyAtdSBlYzItdXNlciBiYXNoIC1jICJzb3VyY2UgL2hvbWUvZWMyLXVzZXIvZHItZW52LnNoICYmIHNvdXJjZSBcJEhPTUUvLm52bS9udm0uc2ggJiYgY2QgXCRIT01FL21lZ2F0aWNrZXQvYXBwcy9hcHAgJiYgQVdTX1JFR0lPTj1hcC1ub3J0aGVhc3QtMSBQT1JUPTMwMDEgcG0yIHN0YXJ0IG5wbSAtLW5hbWUgJ2FwcC1iYWNrZW5kJyAtLSBzdGFydCIKc3VkbyAtdSBlYzItdXNlciBiYXNoIC1jICdzb3VyY2UgJEhPTUUvLm52bS9udm0uc2ggJiYgcG0yIHNhdmUnCgplY2hvICI9PT0gRFIgQXBwIFVzZXIgRGF0YSBDb21wbGV0ZWQ6ICQoZGF0ZSkgPT09Igo=",
            "vpc_security_group_ids": [
              "sg-052ada7517fff2ecf"
            ]
          },
          "sensitive_attributes": [
            [
              {
                "type": "get_attr",
                "value": "image_id"
              }
            ]
          ],
          "identity_schema_version": 0,
          "private": "bnVsbA==",
          "dependencies": [
            "aws_iam_instance_profile.ec2_profile",
            "aws_iam_role.ec2_role",
            "aws_security_group.alb",
            "aws_security_group.app",
            "aws_security_group.web",
            "aws_vpc.dr",
            "data.aws_ssm_parameter.amazon_linux_2"
          ],
          "create_before_destroy": true
        }
      ]
    },
    {
      "mode": "managed",
      "type": "aws_launch_template",
      "name": "web",
      "provider": "provider[\"registry.terraform.io/hashicorp/aws\"]",
      "instances": [
        {
          "schema_version": 0,
          "attributes": {
            "arn": "arn:aws:ec2:ap-northeast-1:626614672806:launch-template/lt-043bfcc7db89ad014",
            "block_device_mappings": [],
            "capacity_reservation_specification": [],
            "cpu_options": [],
            "credit_specification": [],
            "default_version": 5,
            "description": "",
            "disable_api_stop": false,
            "disable_api_termination": false,
            "ebs_optimized": "",
            "elastic_gpu_specifications": [],
            "elastic_inference_accelerator": [],
            "enclave_options": [],
            "hibernation_options": [],
            "iam_instance_profile": [
              {
                "arn": "",
                "name": "MegaTicket-DR-EC2-Profile"
              }
            ],
            "id": "lt-043bfcc7db89ad014",
            "image_id": "ami-0bc60a4989d43fc35",
            "instance_initiated_shutdown_behavior": "",
            "instance_market_options": [],
            "instance_requirements": [],
            "instance_type": "t2.medium",
            "kernel_id": "",
            "key_name": "seungwan_tokyo",
            "latest_version": 6,
            "license_specification": [],
            "maintenance_options": [],
            "metadata_options": [],
            "monitoring": [],
            "name": "MegaTicket-DR-Web-LT-20260106030020235800000003",
            "name_prefix": "MegaTicket-DR-Web-LT-",
            "network_interfaces": [],
            "placement": [],
            "private_dns_name_options": [],
            "ram_disk_id": "",
            "security_group_names": [],
            "tag_specifications": [
              {
                "resource_type": "instance",
                "tags": {
                  "Name": "MegaTicket-DR-Web"
                }
              }
            ],
            "tags": {},
            "tags_all": {
              "Environment": "test-DR",
              "ManagedBy": "Terraform",
              "Project": "MegaTicket"
            },
            "update_default_version": null,
            "user_data": "IyEvYmluL2Jhc2gKc2V0IC14CmV4ZWMgPiA+KHRlZSAvdmFyL2xvZy91c2VyLWRhdGEubG9nKSAyPiYxCmVjaG8gIj09PSBEUiBXZWIgVXNlciBEYXRhIFN0YXJ0ZWQ6ICQoZGF0ZSkgPT09IgoKIyDtmZjqsr3rs4DsiJgg7YyM7J28IOyDneyEsQplY2hvICJleHBvcnQgQVdTX1JFR0lPTj1hcC1ub3J0aGVhc3QtMSIgPiAvaG9tZS9lYzItdXNlci9kci13ZWItZW52LnNoCmVjaG8gImV4cG9ydCBJTlRFUk5BTF9BUElfVVJMPWh0dHA6Ly9NZWdhVGlja2V0LURSLU5MQi01OWRkMWY1YjU4YzU3MjY5LmVsYi5hcC1ub3J0aGVhc3QtMS5hbWF6b25hd3MuY29tOjMwMDEiID4+IC9ob21lL2VjMi11c2VyL2RyLXdlYi1lbnYuc2gKCmNob3duIGVjMi11c2VyOmVjMi11c2VyIC9ob21lL2VjMi11c2VyL2RyLXdlYi1lbnYuc2gKY2htb2QgNjQ0IC9ob21lL2VjMi11c2VyL2RyLXdlYi1lbnYuc2gKCiMg64K07JqpIO2ZleyduAplY2hvICI9PT0gQ3JlYXRlZCBFbnZpcm9ubWVudCBGaWxlID09PSIKY2F0IC9ob21lL2VjMi11c2VyL2RyLXdlYi1lbnYuc2gKCiMgUE0yIOyerOyLnOyekSAtIO2ZmOqyveuzgOyImCDrqoXsi5zsoIEg7KO87J6FCmVjaG8gIj09PSBSZXN0YXJ0aW5nIFdlYiBGcm9udGVuZCA9PT0iCnN1ZG8gLXUgZWMyLXVzZXIgYmFzaCAtYyAnc291cmNlICRIT01FLy5udm0vbnZtLnNoICYmIHBtMiBkZWxldGUgd2ViLWZyb250ZW5kIHx8IHRydWUnCnN1ZG8gLXUgZWMyLXVzZXIgYmFzaCAtYyAic291cmNlIC9ob21lL2VjMi11c2VyL2RyLXdlYi1lbnYuc2ggJiYgc291cmNlIFwkSE9NRS8ubnZtL252bS5zaCAmJiBjZCBcJEhPTUUvbWVnYXRpY2tldC9hcHBzL3dlYiAmJiBBV1NfUkVHSU9OPWFwLW5vcnRoZWFzdC0xIElOVEVSTkFMX0FQSV9VUkw9aHR0cDovL01lZ2FUaWNrZXQtRFItTkxCLTU5ZGQxZjViNThjNTcyNjkuZWxiLmFwLW5vcnRoZWFzdC0xLmFtYXpvbmF3cy5jb206MzAwMSBwbTIgc3RhcnQgbnBtIC0tbmFtZSAnd2ViLWZyb250ZW5kJyAtLSBzdGFydCIKc3VkbyAtdSBlYzItdXNlciBiYXNoIC1jICdzb3VyY2UgJEhPTUUvLm52bS9udm0uc2ggJiYgcG0yIHNhdmUnCgplY2hvICI9PT0gRFIgV2ViIFVzZXIgRGF0YSBDb21wbGV0ZWQ6ICQoZGF0ZSkgPT09Igo=",
            "vpc_security_group_ids": [
              "sg-0609e882f845c7a75"
            ]
          },
          "sensitive_attributes": [
            [
              {
                "type": "get_attr",
                "value": "image_id"
              }
            ]
          ],
          "identity_schema_version": 0,
          "private": "bnVsbA==",
          "dependencies": [
            "aws_iam_instance_profile.ec2_profile",
            "aws_iam_role.ec2_role",
            "aws_lb.nlb",
            "aws_security_group.alb",
            "aws_security_group.web",
            "aws_subnet.private_a",
            "aws_subnet.private_c",
            "aws_vpc.dr",
            "data.aws_ssm_parameter.amazon_linux_2"
          ],
          "create_before_destroy": true
        }
      ]
    },
    {
      "mode": "managed",
      "type": "aws_lb",
      "name": "dr",
      "provider": "provider[\"registry.terraform.io/hashicorp/aws\"]",
      "instances": [
        {
          "schema_version": 0,
          "attributes": {
            "access_logs": [
              {
                "bucket": "",
                "enabled": false,
                "prefix": ""
              }
            ],
            "arn": "arn:aws:elasticloadbalancing:ap-northeast-1:626614672806:loadbalancer/app/MegaTicket-DR-ALB/850b9a3769975416",
            "arn_suffix": "app/MegaTicket-DR-ALB/850b9a3769975416",
            "client_keep_alive": 3600,
            "connection_logs": [
              {
                "bucket": "",
                "enabled": false,
                "prefix": ""
              }
            ],
            "customer_owned_ipv4_pool": "",
            "desync_mitigation_mode": "defensive",
            "dns_name": "MegaTicket-DR-ALB-415477994.ap-northeast-1.elb.amazonaws.com",
            "dns_record_client_routing_policy": null,
            "drop_invalid_header_fields": false,
            "enable_cross_zone_load_balancing": true,
            "enable_deletion_protection": false,
            "enable_http2": true,
            "enable_tls_version_and_cipher_suite_headers": false,
            "enable_waf_fail_open": false,
            "enable_xff_client_port": false,
            "enable_zonal_shift": false,
            "enforce_security_group_inbound_rules_on_private_link_traffic": "",
            "id": "arn:aws:elasticloadbalancing:ap-northeast-1:626614672806:loadbalancer/app/MegaTicket-DR-ALB/850b9a3769975416",
            "idle_timeout": 60,
            "internal": false,
            "ip_address_type": "ipv4",
            "ipam_pools": [],
            "load_balancer_type": "application",
            "minimum_load_balancer_capacity": [],
            "name": "MegaTicket-DR-ALB",
            "name_prefix": "",
            "preserve_host_header": false,
            "security_groups": [
              "sg-0bf4a6c8dd5500fff"
            ],
            "subnet_mapping": [
              {
                "allocation_id": "",
                "ipv6_address": "",
                "outpost_id": "",
                "private_ipv4_address": "",
                "subnet_id": "subnet-075865f6d781e68f2"
              },
              {
                "allocation_id": "",
                "ipv6_address": "",
                "outpost_id": "",
                "private_ipv4_address": "",
                "subnet_id": "subnet-0f41f1adfdbc32dc2"
              }
            ],
            "subnets": [
              "subnet-075865f6d781e68f2",
              "subnet-0f41f1adfdbc32dc2"
            ],
            "tags": {
              "Name": "MegaTicket-DR-ALB"
            },
            "tags_all": {
              "Environment": "test-DR",
              "ManagedBy": "Terraform",
              "Name": "MegaTicket-DR-ALB",
              "Project": "MegaTicket"
            },
            "timeouts": null,
            "vpc_id": "vpc-05a716c5ee53cba93",
            "xff_header_processing_mode": "append",
            "zone_id": "Z14GRHDCWA56QT"
          },
          "sensitive_attributes": [],
          "identity_schema_version": 0,
          "private": "eyJlMmJmYjczMC1lY2FhLTExZTYtOGY4OC0zNDM2M2JjN2M0YzAiOnsiY3JlYXRlIjo2MDAwMDAwMDAwMDAsImRlbGV0ZSI6NjAwMDAwMDAwMDAwLCJ1cGRhdGUiOjYwMDAwMDAwMDAwMH19",
          "dependencies": [
            "aws_security_group.alb",
            "aws_subnet.public_a",
            "aws_subnet.public_c",
            "aws_vpc.dr"
          ]
        }
      ]
    },
    {
      "mode": "managed",
      "type": "aws_lb_listener",
      "name": "http",
      "provider": "provider[\"registry.terraform.io/hashicorp/aws\"]",
      "instances": [
        {
          "schema_version": 0,
          "attributes": {
            "alpn_policy": null,
            "arn": "arn:aws:elasticloadbalancing:ap-northeast-1:626614672806:listener/app/MegaTicket-DR-ALB/850b9a3769975416/1e386c009bbd4db1",
            "certificate_arn": null,
            "default_action": [
              {
                "authenticate_cognito": [],
                "authenticate_oidc": [],
                "fixed_response": [],
                "forward": [],
                "order": 1,
                "redirect": [
                  {
                    "host": "#{host}",
                    "path": "/#{path}",
                    "port": "443",
                    "protocol": "HTTPS",
                    "query": "#{query}",
                    "status_code": "HTTP_301"
                  }
                ],
                "target_group_arn": "",
                "type": "redirect"
              }
            ],
            "id": "arn:aws:elasticloadbalancing:ap-northeast-1:626614672806:listener/app/MegaTicket-DR-ALB/850b9a3769975416/1e386c009bbd4db1",
            "load_balancer_arn": "arn:aws:elasticloadbalancing:ap-northeast-1:626614672806:loadbalancer/app/MegaTicket-DR-ALB/850b9a3769975416",
            "mutual_authentication": [],
            "port": 80,
            "protocol": "HTTP",
            "routing_http_request_x_amzn_mtls_clientcert_header_name": null,
            "routing_http_request_x_amzn_mtls_clientcert_issuer_header_name": null,
            "routing_http_request_x_amzn_mtls_clientcert_leaf_header_name": null,
            "routing_http_request_x_amzn_mtls_clientcert_serial_number_header_name": null,
            "routing_http_request_x_amzn_mtls_clientcert_subject_header_name": null,
            "routing_http_request_x_amzn_mtls_clientcert_validity_header_name": null,
            "routing_http_request_x_amzn_tls_cipher_suite_header_name": null,
            "routing_http_request_x_amzn_tls_version_header_name": null,
            "routing_http_response_access_control_allow_credentials_header_value": "",
            "routing_http_response_access_control_allow_headers_header_value": "",
            "routing_http_response_access_control_allow_methods_header_value": "",
            "routing_http_response_access_control_allow_origin_header_value": "",
            "routing_http_response_access_control_expose_headers_header_value": "",
            "routing_http_response_access_control_max_age_header_value": "",
            "routing_http_response_content_security_policy_header_value": "",
            "routing_http_response_server_enabled": true,
            "routing_http_response_strict_transport_security_header_value": "",
            "routing_http_response_x_content_type_options_header_value": "",
            "routing_http_response_x_frame_options_header_value": "",
            "ssl_policy": "",
            "tags": {},
            "tags_all": {
              "Environment": "test-DR",
              "ManagedBy": "Terraform",
              "Project": "MegaTicket"
            },
            "tcp_idle_timeout_seconds": null,
            "timeouts": null
          },
          "sensitive_attributes": [],
          "identity_schema_version": 0,
          "private": "eyJlMmJmYjczMC1lY2FhLTExZTYtOGY4OC0zNDM2M2JjN2M0YzAiOnsiY3JlYXRlIjozMDAwMDAwMDAwMDAsInVwZGF0ZSI6MzAwMDAwMDAwMDAwfX0=",
          "dependencies": [
            "aws_lb.dr",
            "aws_security_group.alb",
            "aws_subnet.public_a",
            "aws_subnet.public_c",
            "aws_vpc.dr"
          ]
        }
      ]
    },
    {
      "mode": "managed",
      "type": "aws_lb_listener",
      "name": "https",
      "provider": "provider[\"registry.terraform.io/hashicorp/aws\"]",
      "instances": [
        {
          "schema_version": 0,
          "attributes": {
            "alpn_policy": null,
            "arn": "arn:aws:elasticloadbalancing:ap-northeast-1:626614672806:listener/app/MegaTicket-DR-ALB/850b9a3769975416/e690cec44b4d0d0d",
            "certificate_arn": "arn:aws:acm:ap-northeast-1:626614672806:certificate/905b28cd-070c-4661-b3ce-c5a98d7047ab",
            "default_action": [
              {
                "authenticate_cognito": [],
                "authenticate_oidc": [],
                "fixed_response": [],
                "forward": [],
                "order": 1,
                "redirect": [],
                "target_group_arn": "arn:aws:elasticloadbalancing:ap-northeast-1:626614672806:targetgroup/MegaTicket-DR-Web-TG/2270c5bfe64620f2",
                "type": "forward"
              }
            ],
            "id": "arn:aws:elasticloadbalancing:ap-northeast-1:626614672806:listener/app/MegaTicket-DR-ALB/850b9a3769975416/e690cec44b4d0d0d",
            "load_balancer_arn": "arn:aws:elasticloadbalancing:ap-northeast-1:626614672806:loadbalancer/app/MegaTicket-DR-ALB/850b9a3769975416",
            "mutual_authentication": [
              {
                "advertise_trust_store_ca_names": "",
                "ignore_client_certificate_expiry": false,
                "mode": "off",
                "trust_store_arn": ""
              }
            ],
            "port": 443,
            "protocol": "HTTPS",
            "routing_http_request_x_amzn_mtls_clientcert_header_name": "",
            "routing_http_request_x_amzn_mtls_clientcert_issuer_header_name": "",
            "routing_http_request_x_amzn_mtls_clientcert_leaf_header_name": "",
            "routing_http_request_x_amzn_mtls_clientcert_serial_number_header_name": "",
            "routing_http_request_x_amzn_mtls_clientcert_subject_header_name": "",
            "routing_http_request_x_amzn_mtls_clientcert_validity_header_name": "",
            "routing_http_request_x_amzn_tls_cipher_suite_header_name": "",
            "routing_http_request_x_amzn_tls_version_header_name": "",
            "routing_http_response_access_control_allow_credentials_header_value": "",
            "routing_http_response_access_control_allow_headers_header_value": "",
            "routing_http_response_access_control_allow_methods_header_value": "",
            "routing_http_response_access_control_allow_origin_header_value": "",
            "routing_http_response_access_control_expose_headers_header_value": "",
            "routing_http_response_access_control_max_age_header_value": "",
            "routing_http_response_content_security_policy_header_value": "",
            "routing_http_response_server_enabled": true,
            "routing_http_response_strict_transport_security_header_value": "",
            "routing_http_response_x_content_type_options_header_value": "",
            "routing_http_response_x_frame_options_header_value": "",
            "ssl_policy": "ELBSecurityPolicy-TLS13-1-2-2021-06",
            "tags": {},
            "tags_all": {
              "Environment": "test-DR",
              "ManagedBy": "Terraform",
              "Project": "MegaTicket"
            },
            "tcp_idle_timeout_seconds": null,
            "timeouts": null
          },
          "sensitive_attributes": [],
          "identity_schema_version": 0,
          "private": "eyJlMmJmYjczMC1lY2FhLTExZTYtOGY4OC0zNDM2M2JjN2M0YzAiOnsiY3JlYXRlIjozMDAwMDAwMDAwMDAsInVwZGF0ZSI6MzAwMDAwMDAwMDAwfX0=",
          "dependencies": [
            "aws_lb.dr",
            "aws_lb_target_group.web",
            "aws_security_group.alb",
            "aws_subnet.public_a",
            "aws_subnet.public_c",
            "aws_vpc.dr",
            "data.aws_acm_certificate.issued"
          ]
        }
      ]
    },
    {
      "mode": "managed",
      "type": "aws_lb_listener",
      "name": "nlb_tcp",
      "provider": "provider[\"registry.terraform.io/hashicorp/aws\"]",
      "instances": [
        {
          "schema_version": 0,
          "attributes": {
            "alpn_policy": null,
            "arn": "arn:aws:elasticloadbalancing:ap-northeast-1:626614672806:listener/net/MegaTicket-DR-NLB/59dd1f5b58c57269/e815b7cc8eb11760",
            "certificate_arn": null,
            "default_action": [
              {
                "authenticate_cognito": [],
                "authenticate_oidc": [],
                "fixed_response": [],
                "forward": [],
                "order": 1,
                "redirect": [],
                "target_group_arn": "arn:aws:elasticloadbalancing:ap-northeast-1:626614672806:targetgroup/MegaTicket-DR-App-NLB-TG/9581b8eaf8af5c7e",
                "type": "forward"
              }
            ],
            "id": "arn:aws:elasticloadbalancing:ap-northeast-1:626614672806:listener/net/MegaTicket-DR-NLB/59dd1f5b58c57269/e815b7cc8eb11760",
            "load_balancer_arn": "arn:aws:elasticloadbalancing:ap-northeast-1:626614672806:loadbalancer/net/MegaTicket-DR-NLB/59dd1f5b58c57269",
            "mutual_authentication": [],
            "port": 3001,
            "protocol": "TCP",
            "routing_http_request_x_amzn_mtls_clientcert_header_name": null,
            "routing_http_request_x_amzn_mtls_clientcert_issuer_header_name": null,
            "routing_http_request_x_amzn_mtls_clientcert_leaf_header_name": null,
            "routing_http_request_x_amzn_mtls_clientcert_serial_number_header_name": null,
            "routing_http_request_x_amzn_mtls_clientcert_subject_header_name": null,
            "routing_http_request_x_amzn_mtls_clientcert_validity_header_name": null,
            "routing_http_request_x_amzn_tls_cipher_suite_header_name": null,
            "routing_http_request_x_amzn_tls_version_header_name": null,
            "routing_http_response_access_control_allow_credentials_header_value": null,
            "routing_http_response_access_control_allow_headers_header_value": null,
            "routing_http_response_access_control_allow_methods_header_value": null,
            "routing_http_response_access_control_allow_origin_header_value": null,
            "routing_http_response_access_control_expose_headers_header_value": null,
            "routing_http_response_access_control_max_age_header_value": null,
            "routing_http_response_content_security_policy_header_value": null,
            "routing_http_response_server_enabled": null,
            "routing_http_response_strict_transport_security_header_value": null,
            "routing_http_response_x_content_type_options_header_value": null,
            "routing_http_response_x_frame_options_header_value": null,
            "ssl_policy": "",
            "tags": null,
            "tags_all": {
              "Environment": "test-DR",
              "ManagedBy": "Terraform",
              "Project": "MegaTicket"
            },
            "tcp_idle_timeout_seconds": 350,
            "timeouts": null
          },
          "sensitive_attributes": [],
          "identity_schema_version": 0,
          "private": "eyJlMmJmYjczMC1lY2FhLTExZTYtOGY4OC0zNDM2M2JjN2M0YzAiOnsiY3JlYXRlIjozMDAwMDAwMDAwMDAsInVwZGF0ZSI6MzAwMDAwMDAwMDAwfX0=",
          "dependencies": [
            "aws_lb.nlb",
            "aws_lb_target_group.app_nlb",
            "aws_subnet.private_a",
            "aws_subnet.private_c",
            "aws_vpc.dr"
          ]
        }
      ]
    },
    {
      "mode": "managed",
      "type": "aws_lb_target_group",
      "name": "web",
      "provider": "provider[\"registry.terraform.io/hashicorp/aws\"]",
      "instances": [
        {
          "schema_version": 0,
          "attributes": {
            "arn": "arn:aws:elasticloadbalancing:ap-northeast-1:626614672806:targetgroup/MegaTicket-DR-Web-TG/2270c5bfe64620f2",
            "arn_suffix": "targetgroup/MegaTicket-DR-Web-TG/2270c5bfe64620f2",
            "connection_termination": null,
            "deregistration_delay": "300",
            "health_check": [
              {
                "enabled": true,
                "healthy_threshold": 2,
                "interval": 30,
                "matcher": "200-399",
                "path": "/",
                "port": "traffic-port",
                "protocol": "HTTP",
                "timeout": 5,
                "unhealthy_threshold": 5
              }
            ],
            "id": "arn:aws:elasticloadbalancing:ap-northeast-1:626614672806:targetgroup/MegaTicket-DR-Web-TG/2270c5bfe64620f2",
            "ip_address_type": "ipv4",
            "lambda_multi_value_headers_enabled": false,
            "load_balancer_arns": [
              "arn:aws:elasticloadbalancing:ap-northeast-1:626614672806:loadbalancer/app/MegaTicket-DR-ALB/850b9a3769975416"
            ],
            "load_balancing_algorithm_type": "round_robin",
            "load_balancing_anomaly_mitigation": "off",
            "load_balancing_cross_zone_enabled": "use_load_balancer_configuration",
            "name": "MegaTicket-DR-Web-TG",
            "name_prefix": "",
            "port": 3000,
            "preserve_client_ip": null,
            "protocol": "HTTP",
            "protocol_version": "HTTP1",
            "proxy_protocol_v2": false,
            "slow_start": 0,
            "stickiness": [
              {
                "cookie_duration": 86400,
                "cookie_name": "",
                "enabled": false,
                "type": "lb_cookie"
              }
            ],
            "tags": {
              "Name": "MegaTicket-DR-Web-TG"
            },
            "tags_all": {
              "Environment": "test-DR",
              "ManagedBy": "Terraform",
              "Name": "MegaTicket-DR-Web-TG",
              "Project": "MegaTicket"
            },
            "target_failover": [
              {
                "on_deregistration": null,
                "on_unhealthy": null
              }
            ],
            "target_group_health": [
              {
                "dns_failover": [
                  {
                    "minimum_healthy_targets_count": "1",
                    "minimum_healthy_targets_percentage": "off"
                  }
                ],
                "unhealthy_state_routing": [
                  {
                    "minimum_healthy_targets_count": 1,
                    "minimum_healthy_targets_percentage": "off"
                  }
                ]
              }
            ],
            "target_health_state": [
              {
                "enable_unhealthy_connection_termination": null,
                "unhealthy_draining_interval": null
              }
            ],
            "target_type": "instance",
            "vpc_id": "vpc-05a716c5ee53cba93"
          },
          "sensitive_attributes": [],
          "identity_schema_version": 0,
          "private": "bnVsbA==",
          "dependencies": [
            "aws_vpc.dr"
          ],
          "create_before_destroy": true
        }
      ]
    },
    {
      "mode": "managed",
      "type": "aws_nat_gateway",
      "name": "dr",
      "provider": "provider[\"registry.terraform.io/hashicorp/aws\"]",
      "instances": [
        {
          "schema_version": 0,
          "attributes": {
            "allocation_id": "eipalloc-0bccda171061b3b5c",
            "association_id": "eipassoc-09fa9a99b6ddfccdb",
            "connectivity_type": "public",
            "id": "nat-0a53e3ac9565a280e",
            "network_interface_id": "eni-07d00ef90edda74e4",
            "private_ip": "10.1.0.21",
            "public_ip": "54.65.207.101",
            "secondary_allocation_ids": [],
            "secondary_private_ip_address_count": 0,
            "secondary_private_ip_addresses": [],
            "subnet_id": "subnet-0f41f1adfdbc32dc2",
            "tags": {
              "Name": "MegaTicket-DR-NAT-GW"
            },
            "tags_all": {
              "Environment": "test-DR",
              "ManagedBy": "Terraform",
              "Name": "MegaTicket-DR-NAT-GW",
              "Project": "MegaTicket"
            },
            "timeouts": null
          },
          "sensitive_attributes": [],
          "identity_schema_version": 0,
          "private": "eyJlMmJmYjczMC1lY2FhLTExZTYtOGY4OC0zNDM2M2JjN2M0YzAiOnsiY3JlYXRlIjo2MDAwMDAwMDAwMDAsImRlbGV0ZSI6MTgwMDAwMDAwMDAwMCwidXBkYXRlIjo2MDAwMDAwMDAwMDB9fQ==",
          "dependencies": [
            "aws_eip.nat",
            "aws_internet_gateway.dr",
            "aws_subnet.public_a",
            "aws_vpc.dr"
          ]
        }
      ]
    },
    {
      "mode": "managed",
      "type": "aws_route_table",
      "name": "private",
      "provider": "provider[\"registry.terraform.io/hashicorp/aws\"]",
      "instances": [
        {
          "schema_version": 0,
          "attributes": {
            "arn": "arn:aws:ec2:ap-northeast-1:626614672806:route-table/rtb-0eb3eda78747d2d96",
            "id": "rtb-0eb3eda78747d2d96",
            "owner_id": "626614672806",
            "propagating_vgws": [],
            "route": [
              {
                "carrier_gateway_id": "",
                "cidr_block": "0.0.0.0/0",
                "core_network_arn": "",
                "destination_prefix_list_id": "",
                "egress_only_gateway_id": "",
                "gateway_id": "",
                "ipv6_cidr_block": "",
                "local_gateway_id": "",
                "nat_gateway_id": "nat-0a53e3ac9565a280e",
                "network_interface_id": "",
                "transit_gateway_id": "",
                "vpc_endpoint_id": "",
                "vpc_peering_connection_id": ""
              }
            ],
            "tags": {
              "Name": "MegaTicket-DR-Private-RT"
            },
            "tags_all": {
              "Environment": "test-DR",
              "ManagedBy": "Terraform",
              "Name": "MegaTicket-DR-Private-RT",
              "Project": "MegaTicket"
            },
            "timeouts": null,
            "vpc_id": "vpc-05a716c5ee53cba93"
          },
          "sensitive_attributes": [],
          "identity_schema_version": 0,
          "private": "eyJlMmJmYjczMC1lY2FhLTExZTYtOGY4OC0zNDM2M2JjN2M0YzAiOnsiY3JlYXRlIjozMDAwMDAwMDAwMDAsImRlbGV0ZSI6MzAwMDAwMDAwMDAwLCJ1cGRhdGUiOjEyMDAwMDAwMDAwMH19",
          "dependencies": [
            "aws_eip.nat",
            "aws_internet_gateway.dr",
            "aws_nat_gateway.dr",
            "aws_subnet.public_a",
            "aws_vpc.dr"
          ]
        }
      ]
    },
    {
      "mode": "managed",
      "type": "aws_route_table",
      "name": "public",
      "provider": "provider[\"registry.terraform.io/hashicorp/aws\"]",
      "instances": [
        {
          "schema_version": 0,
          "attributes": {
            "arn": "arn:aws:ec2:ap-northeast-1:626614672806:route-table/rtb-0ed99545760b3d2d0",
            "id": "rtb-0ed99545760b3d2d0",
            "owner_id": "626614672806",
            "propagating_vgws": [],
            "route": [
              {
                "carrier_gateway_id": "",
                "cidr_block": "0.0.0.0/0",
                "core_network_arn": "",
                "destination_prefix_list_id": "",
                "egress_only_gateway_id": "",
                "gateway_id": "igw-0ebb615474bbc5817",
                "ipv6_cidr_block": "",
                "local_gateway_id": "",
                "nat_gateway_id": "",
                "network_interface_id": "",
                "transit_gateway_id": "",
                "vpc_endpoint_id": "",
                "vpc_peering_connection_id": ""
              }
            ],
            "tags": {
              "Name": "MegaTicket-DR-Public-RT"
            },
            "tags_all": {
              "Environment": "test-DR",
              "ManagedBy": "Terraform",
              "Name": "MegaTicket-DR-Public-RT",
              "Project": "MegaTicket"
            },
            "timeouts": null,
            "vpc_id": "vpc-05a716c5ee53cba93"
          },
          "sensitive_attributes": [],
          "identity_schema_version": 0,
          "private": "eyJlMmJmYjczMC1lY2FhLTExZTYtOGY4OC0zNDM2M2JjN2M0YzAiOnsiY3JlYXRlIjozMDAwMDAwMDAwMDAsImRlbGV0ZSI6MzAwMDAwMDAwMDAwLCJ1cGRhdGUiOjEyMDAwMDAwMDAwMH19",
          "dependencies": [
            "aws_internet_gateway.dr",
            "aws_vpc.dr"
          ]
        }
      ]
    },
    {
      "mode": "managed",
      "type": "aws_route_table_association",
      "name": "private_a",
      "provider": "provider[\"registry.terraform.io/hashicorp/aws\"]",
      "instances": [
        {
          "schema_version": 0,
          "attributes": {
            "gateway_id": "",
            "id": "rtbassoc-0f6beed658835b775",
            "route_table_id": "rtb-0eb3eda78747d2d96",
            "subnet_id": "subnet-03d8408e49d75609c",
            "timeouts": null
          },
          "sensitive_attributes": [],
          "identity_schema_version": 0,
          "private": "eyJlMmJmYjczMC1lY2FhLTExZTYtOGY4OC0zNDM2M2JjN2M0YzAiOnsiY3JlYXRlIjozMDAwMDAwMDAwMDAsImRlbGV0ZSI6MzAwMDAwMDAwMDAwLCJ1cGRhdGUiOjEyMDAwMDAwMDAwMH19",
          "dependencies": [
            "aws_eip.nat",
            "aws_internet_gateway.dr",
            "aws_nat_gateway.dr",
            "aws_route_table.private",
            "aws_subnet.private_a",
            "aws_subnet.public_a",
            "aws_vpc.dr"
          ]
        }
      ]
    },
    {
      "mode": "managed",
      "type": "aws_route_table_association",
      "name": "private_c",
      "provider": "provider[\"registry.terraform.io/hashicorp/aws\"]",
      "instances": [
        {
          "schema_version": 0,
          "attributes": {
            "gateway_id": "",
            "id": "rtbassoc-05c7ac37f0bcfbc4c",
            "route_table_id": "rtb-0eb3eda78747d2d96",
            "subnet_id": "subnet-0c9e18a2a46d21235",
            "timeouts": null
          },
          "sensitive_attributes": [],
          "identity_schema_version": 0,
          "private": "eyJlMmJmYjczMC1lY2FhLTExZTYtOGY4OC0zNDM2M2JjN2M0YzAiOnsiY3JlYXRlIjozMDAwMDAwMDAwMDAsImRlbGV0ZSI6MzAwMDAwMDAwMDAwLCJ1cGRhdGUiOjEyMDAwMDAwMDAwMH19",
          "dependencies": [
            "aws_eip.nat",
            "aws_internet_gateway.dr",
            "aws_nat_gateway.dr",
            "aws_route_table.private",
            "aws_subnet.private_c",
            "aws_subnet.public_a",
            "aws_vpc.dr"
          ]
        }
      ]
    },
    {
      "mode": "managed",
      "type": "aws_route_table_association",
      "name": "public_a",
      "provider": "provider[\"registry.terraform.io/hashicorp/aws\"]",
      "instances": [
        {
          "schema_version": 0,
          "attributes": {
            "gateway_id": "",
            "id": "rtbassoc-013867b2bbc378fb7",
            "route_table_id": "rtb-0ed99545760b3d2d0",
            "subnet_id": "subnet-0f41f1adfdbc32dc2",
            "timeouts": null
          },
          "sensitive_attributes": [],
          "identity_schema_version": 0,
          "private": "eyJlMmJmYjczMC1lY2FhLTExZTYtOGY4OC0zNDM2M2JjN2M0YzAiOnsiY3JlYXRlIjozMDAwMDAwMDAwMDAsImRlbGV0ZSI6MzAwMDAwMDAwMDAwLCJ1cGRhdGUiOjEyMDAwMDAwMDAwMH19",
          "dependencies": [
            "aws_internet_gateway.dr",
            "aws_route_table.public",
            "aws_subnet.public_a",
            "aws_vpc.dr"
          ]
        }
      ]
    },
    {
      "mode": "managed",
      "type": "aws_route_table_association",
      "name": "public_c",
      "provider": "provider[\"registry.terraform.io/hashicorp/aws\"]",
      "instances": [
        {
          "schema_version": 0,
          "attributes": {
            "gateway_id": "",
            "id": "rtbassoc-08669bacf4b590d6c",
            "route_table_id": "rtb-0ed99545760b3d2d0",
            "subnet_id": "subnet-075865f6d781e68f2",
            "timeouts": null
          },
          "sensitive_attributes": [],
          "identity_schema_version": 0,
          "private": "eyJlMmJmYjczMC1lY2FhLTExZTYtOGY4OC0zNDM2M2JjN2M0YzAiOnsiY3JlYXRlIjozMDAwMDAwMDAwMDAsImRlbGV0ZSI6MzAwMDAwMDAwMDAwLCJ1cGRhdGUiOjEyMDAwMDAwMDAwMH19",
          "dependencies": [
            "aws_internet_gateway.dr",
            "aws_route_table.public",
            "aws_subnet.public_c",
            "aws_vpc.dr"
          ]
        }
      ]
    },
    {
      "mode": "managed",
      "type": "aws_security_group",
      "name": "alb",
      "provider": "provider[\"registry.terraform.io/hashicorp/aws\"]",
      "instances": [
        {
          "schema_version": 1,
          "attributes": {
            "arn": "arn:aws:ec2:ap-northeast-1:626614672806:security-group/sg-0bf4a6c8dd5500fff",
            "description": "Security group for DR Application Load Balancer",
            "egress": [
              {
                "cidr_blocks": [
                  "0.0.0.0/0"
                ],
                "description": "",
                "from_port": 0,
                "ipv6_cidr_blocks": [],
                "prefix_list_ids": [],
                "protocol": "-1",
                "security_groups": [],
                "self": false,
                "to_port": 0
              }
            ],
            "id": "sg-0bf4a6c8dd5500fff",
            "ingress": [
              {
                "cidr_blocks": [
                  "0.0.0.0/0"
                ],
                "description": "HTTP",
                "from_port": 80,
                "ipv6_cidr_blocks": [],
                "prefix_list_ids": [],
                "protocol": "tcp",
                "security_groups": [],
                "self": false,
                "to_port": 80
              },
              {
                "cidr_blocks": [
                  "0.0.0.0/0"
                ],
                "description": "HTTPS",
                "from_port": 443,
                "ipv6_cidr_blocks": [],
                "prefix_list_ids": [],
                "protocol": "tcp",
                "security_groups": [],
                "self": false,
                "to_port": 443
              }
            ],
            "name": "MegaTicket-DR-ALB-SG",
            "name_prefix": "",
            "owner_id": "626614672806",
            "revoke_rules_on_delete": false,
            "tags": {
              "Name": "MegaTicket-DR-ALB-SG"
            },
            "tags_all": {
              "Environment": "test-DR",
              "ManagedBy": "Terraform",
              "Name": "MegaTicket-DR-ALB-SG",
              "Project": "MegaTicket"
            },
            "timeouts": null,
            "vpc_id": "vpc-05a716c5ee53cba93"
          },
          "sensitive_attributes": [],
          "identity_schema_version": 0,
          "private": "eyJlMmJmYjczMC1lY2FhLTExZTYtOGY4OC0zNDM2M2JjN2M0YzAiOnsiY3JlYXRlIjo2MDAwMDAwMDAwMDAsImRlbGV0ZSI6OTAwMDAwMDAwMDAwfSwic2NoZW1hX3ZlcnNpb24iOiIxIn0=",
          "dependencies": [
            "aws_vpc.dr"
          ],
          "create_before_destroy": true
        }
      ]
    },
    {
      "mode": "managed",
      "type": "aws_security_group",
      "name": "app",
      "provider": "provider[\"registry.terraform.io/hashicorp/aws\"]",
      "instances": [
        {
          "schema_version": 1,
          "attributes": {
            "arn": "arn:aws:ec2:ap-northeast-1:626614672806:security-group/sg-052ada7517fff2ecf",
            "description": "Security group for DR App instances",
            "egress": [
              {
                "cidr_blocks": [
                  "0.0.0.0/0"
                ],
                "description": "",
                "from_port": 0,
                "ipv6_cidr_blocks": [],
                "prefix_list_ids": [],
                "protocol": "-1",
                "security_groups": [],
                "self": false,
                "to_port": 0
              }
            ],
            "id": "sg-052ada7517fff2ecf",
            "ingress": [
              {
                "cidr_blocks": [
                  "10.1.0.0/16"
                ],
                "description": "API Port from NLB (VPC CIDR)",
                "from_port": 3001,
                "ipv6_cidr_blocks": [],
                "prefix_list_ids": [],
                "protocol": "tcp",
                "security_groups": [],
                "self": false,
                "to_port": 3001
              },
              {
                "cidr_blocks": [],
                "description": "API Port from ALB",
                "from_port": 3001,
                "ipv6_cidr_blocks": [],
                "prefix_list_ids": [],
                "protocol": "tcp",
                "security_groups": [
                  "sg-0bf4a6c8dd5500fff"
                ],
                "self": false,
                "to_port": 3001
              },
              {
                "cidr_blocks": [],
                "description": "API Port from Web instances",
                "from_port": 3001,
                "ipv6_cidr_blocks": [],
                "prefix_list_ids": [],
                "protocol": "tcp",
                "security_groups": [
                  "sg-0609e882f845c7a75"
                ],
                "self": false,
                "to_port": 3001
              }
            ],
            "name": "MegaTicket-DR-App-SG",
            "name_prefix": "",
            "owner_id": "626614672806",
            "revoke_rules_on_delete": false,
            "tags": {
              "Name": "MegaTicket-DR-App-SG"
            },
            "tags_all": {
              "Environment": "test-DR",
              "ManagedBy": "Terraform",
              "Name": "MegaTicket-DR-App-SG",
              "Project": "MegaTicket"
            },
            "timeouts": null,
            "vpc_id": "vpc-05a716c5ee53cba93"
          },
          "sensitive_attributes": [],
          "identity_schema_version": 0,
          "private": "eyJlMmJmYjczMC1lY2FhLTExZTYtOGY4OC0zNDM2M2JjN2M0YzAiOnsiY3JlYXRlIjo2MDAwMDAwMDAwMDAsImRlbGV0ZSI6OTAwMDAwMDAwMDAwfSwic2NoZW1hX3ZlcnNpb24iOiIxIn0=",
          "dependencies": [
            "aws_security_group.alb",
            "aws_security_group.web",
            "aws_vpc.dr"
          ],
          "create_before_destroy": true
        }
      ]
    },
    {
      "mode": "managed",
      "type": "aws_security_group",
      "name": "web",
      "provider": "provider[\"registry.terraform.io/hashicorp/aws\"]",
      "instances": [
        {
          "schema_version": 1,
          "attributes": {
            "arn": "arn:aws:ec2:ap-northeast-1:626614672806:security-group/sg-0609e882f845c7a75",
            "description": "Security group for DR Web instances",
            "egress": [
              {
                "cidr_blocks": [
                  "0.0.0.0/0"
                ],
                "description": "",
                "from_port": 0,
                "ipv6_cidr_blocks": [],
                "prefix_list_ids": [],
                "protocol": "-1",
                "security_groups": [],
                "self": false,
                "to_port": 0
              }
            ],
            "id": "sg-0609e882f845c7a75",
            "ingress": [
              {
                "cidr_blocks": [],
                "description": "Web Port from ALB",
                "from_port": 3000,
                "ipv6_cidr_blocks": [],
                "prefix_list_ids": [],
                "protocol": "tcp",
                "security_groups": [
                  "sg-0bf4a6c8dd5500fff"
                ],
                "self": false,
                "to_port": 3000
              }
            ],
            "name": "MegaTicket-DR-Web-SG",
            "name_prefix": "",
            "owner_id": "626614672806",
            "revoke_rules_on_delete": false,
            "tags": {
              "Name": "MegaTicket-DR-Web-SG"
            },
            "tags_all": {
              "Environment": "test-DR",
              "ManagedBy": "Terraform",
              "Name": "MegaTicket-DR-Web-SG",
              "Project": "MegaTicket"
            },
            "timeouts": null,
            "vpc_id": "vpc-05a716c5ee53cba93"
          },
          "sensitive_attributes": [],
          "identity_schema_version": 0,
          "private": "eyJlMmJmYjczMC1lY2FhLTExZTYtOGY4OC0zNDM2M2JjN2M0YzAiOnsiY3JlYXRlIjo2MDAwMDAwMDAwMDAsImRlbGV0ZSI6OTAwMDAwMDAwMDAwfSwic2NoZW1hX3ZlcnNpb24iOiIxIn0=",
          "dependencies": [
            "aws_security_group.alb",
            "aws_vpc.dr"
          ],
          "create_before_destroy": true
        }
      ]
    },
    {
      "mode": "managed",
      "type": "aws_subnet",
      "name": "private_a",
      "provider": "provider[\"registry.terraform.io/hashicorp/aws\"]",
      "instances": [
        {
          "schema_version": 1,
          "attributes": {
            "arn": "arn:aws:ec2:ap-northeast-1:626614672806:subnet/subnet-03d8408e49d75609c",
            "assign_ipv6_address_on_creation": false,
            "availability_zone": "ap-northeast-1a",
            "availability_zone_id": "apne1-az4",
            "cidr_block": "10.1.16.0/20",
            "customer_owned_ipv4_pool": "",
            "enable_dns64": false,
            "enable_lni_at_device_index": 0,
            "enable_resource_name_dns_a_record_on_launch": false,
            "enable_resource_name_dns_aaaa_record_on_launch": false,
            "id": "subnet-03d8408e49d75609c",
            "ipv6_cidr_block": "",
            "ipv6_cidr_block_association_id": "",
            "ipv6_native": false,
            "map_customer_owned_ip_on_launch": false,
            "map_public_ip_on_launch": false,
            "outpost_arn": "",
            "owner_id": "626614672806",
            "private_dns_hostname_type_on_launch": "ip-name",
            "tags": {
              "Name": "MegaTicket-DR-Private-Subnet-A",
              "Type": "Private"
            },
            "tags_all": {
              "Environment": "test-DR",
              "ManagedBy": "Terraform",
              "Name": "MegaTicket-DR-Private-Subnet-A",
              "Project": "MegaTicket",
              "Type": "Private"
            },
            "timeouts": null,
            "vpc_id": "vpc-05a716c5ee53cba93"
          },
          "sensitive_attributes": [],
          "identity_schema_version": 0,
          "private": "eyJlMmJmYjczMC1lY2FhLTExZTYtOGY4OC0zNDM2M2JjN2M0YzAiOnsiY3JlYXRlIjo2MDAwMDAwMDAwMDAsImRlbGV0ZSI6MTIwMDAwMDAwMDAwMH0sInNjaGVtYV92ZXJzaW9uIjoiMSJ9",
          "dependencies": [
            "aws_vpc.dr"
          ],
          "create_before_destroy": true
        }
      ]
    },
    {
      "mode": "managed",
      "type": "aws_subnet",
      "name": "private_c",
      "provider": "provider[\"registry.terraform.io/hashicorp/aws\"]",
      "instances": [
        {
          "schema_version": 1,
          "attributes": {
            "arn": "arn:aws:ec2:ap-northeast-1:626614672806:subnet/subnet-0c9e18a2a46d21235",
            "assign_ipv6_address_on_creation": false,
            "availability_zone": "ap-northeast-1c",
            "availability_zone_id": "apne1-az1",
            "cidr_block": "10.1.32.0/20",
            "customer_owned_ipv4_pool": "",
            "enable_dns64": false,
            "enable_lni_at_device_index": 0,
            "enable_resource_name_dns_a_record_on_launch": false,
            "enable_resource_name_dns_aaaa_record_on_launch": false,
            "id": "subnet-0c9e18a2a46d21235",
            "ipv6_cidr_block": "",
            "ipv6_cidr_block_association_id": "",
            "ipv6_native": false,
            "map_customer_owned_ip_on_launch": false,
            "map_public_ip_on_launch": false,
            "outpost_arn": "",
            "owner_id": "626614672806",
            "private_dns_hostname_type_on_launch": "ip-name",
            "tags": {
              "Name": "MegaTicket-DR-Private-Subnet-C",
              "Type": "Private"
            },
            "tags_all": {
              "Environment": "test-DR",
              "ManagedBy": "Terraform",
              "Name": "MegaTicket-DR-Private-Subnet-C",
              "Project": "MegaTicket",
              "Type": "Private"
            },
            "timeouts": null,
            "vpc_id": "vpc-05a716c5ee53cba93"
          },
          "sensitive_attributes": [],
          "identity_schema_version": 0,
          "private": "eyJlMmJmYjczMC1lY2FhLTExZTYtOGY4OC0zNDM2M2JjN2M0YzAiOnsiY3JlYXRlIjo2MDAwMDAwMDAwMDAsImRlbGV0ZSI6MTIwMDAwMDAwMDAwMH0sInNjaGVtYV92ZXJzaW9uIjoiMSJ9",
          "dependencies": [
            "aws_vpc.dr"
          ],
          "create_before_destroy": true
        }
      ]
    },
    {
      "mode": "managed",
      "type": "aws_subnet",
      "name": "public_a",
      "provider": "provider[\"registry.terraform.io/hashicorp/aws\"]",
      "instances": [
        {
          "schema_version": 1,
          "attributes": {
            "arn": "arn:aws:ec2:ap-northeast-1:626614672806:subnet/subnet-0f41f1adfdbc32dc2",
            "assign_ipv6_address_on_creation": false,
            "availability_zone": "ap-northeast-1a",
            "availability_zone_id": "apne1-az4",
            "cidr_block": "10.1.0.0/26",
            "customer_owned_ipv4_pool": "",
            "enable_dns64": false,
            "enable_lni_at_device_index": 0,
            "enable_resource_name_dns_a_record_on_launch": false,
            "enable_resource_name_dns_aaaa_record_on_launch": false,
            "id": "subnet-0f41f1adfdbc32dc2",
            "ipv6_cidr_block": "",
            "ipv6_cidr_block_association_id": "",
            "ipv6_native": false,
            "map_customer_owned_ip_on_launch": false,
            "map_public_ip_on_launch": true,
            "outpost_arn": "",
            "owner_id": "626614672806",
            "private_dns_hostname_type_on_launch": "ip-name",
            "tags": {
              "Name": "MegaTicket-DR-Public-Subnet-A",
              "Type": "Public"
            },
            "tags_all": {
              "Environment": "test-DR",
              "ManagedBy": "Terraform",
              "Name": "MegaTicket-DR-Public-Subnet-A",
              "Project": "MegaTicket",
              "Type": "Public"
            },
            "timeouts": null,
            "vpc_id": "vpc-05a716c5ee53cba93"
          },
          "sensitive_attributes": [],
          "identity_schema_version": 0,
          "private": "eyJlMmJmYjczMC1lY2FhLTExZTYtOGY4OC0zNDM2M2JjN2M0YzAiOnsiY3JlYXRlIjo2MDAwMDAwMDAwMDAsImRlbGV0ZSI6MTIwMDAwMDAwMDAwMH0sInNjaGVtYV92ZXJzaW9uIjoiMSJ9",
          "dependencies": [
            "aws_vpc.dr"
          ]
        }
      ]
    },
    {
      "mode": "managed",
      "type": "aws_subnet",
      "name": "public_c",
      "provider": "provider[\"registry.terraform.io/hashicorp/aws\"]",
      "instances": [
        {
          "schema_version": 1,
          "attributes": {
            "arn": "arn:aws:ec2:ap-northeast-1:626614672806:subnet/subnet-075865f6d781e68f2",
            "assign_ipv6_address_on_creation": false,
            "availability_zone": "ap-northeast-1c",
            "availability_zone_id": "apne1-az1",
            "cidr_block": "10.1.0.64/26",
            "customer_owned_ipv4_pool": "",
            "enable_dns64": false,
            "enable_lni_at_device_index": 0,
            "enable_resource_name_dns_a_record_on_launch": false,
            "enable_resource_name_dns_aaaa_record_on_launch": false,
            "id": "subnet-075865f6d781e68f2",
            "ipv6_cidr_block": "",
            "ipv6_cidr_block_association_id": "",
            "ipv6_native": false,
            "map_customer_owned_ip_on_launch": false,
            "map_public_ip_on_launch": true,
            "outpost_arn": "",
            "owner_id": "626614672806",
            "private_dns_hostname_type_on_launch": "ip-name",
            "tags": {
              "Name": "MegaTicket-DR-Public-Subnet-C",
              "Type": "Public"
            },
            "tags_all": {
              "Environment": "test-DR",
              "ManagedBy": "Terraform",
              "Name": "MegaTicket-DR-Public-Subnet-C",
              "Project": "MegaTicket",
              "Type": "Public"
            },
            "timeouts": null,
            "vpc_id": "vpc-05a716c5ee53cba93"
          },
          "sensitive_attributes": [],
          "identity_schema_version": 0,
          "private": "eyJlMmJmYjczMC1lY2FhLTExZTYtOGY4OC0zNDM2M2JjN2M0YzAiOnsiY3JlYXRlIjo2MDAwMDAwMDAwMDAsImRlbGV0ZSI6MTIwMDAwMDAwMDAwMH0sInNjaGVtYV92ZXJzaW9uIjoiMSJ9",
          "dependencies": [
            "aws_vpc.dr"
          ]
        }
      ]
    },
    {
      "mode": "managed",
      "type": "aws_vpc",
      "name": "dr",
      "provider": "provider[\"registry.terraform.io/hashicorp/aws\"]",
      "instances": [
        {
          "schema_version": 1,
          "attributes": {
            "arn": "arn:aws:ec2:ap-northeast-1:626614672806:vpc/vpc-05a716c5ee53cba93",
            "assign_generated_ipv6_cidr_block": false,
            "cidr_block": "10.1.0.0/16",
            "default_network_acl_id": "acl-078589837e15a5682",
            "default_route_table_id": "rtb-06d3640e6cbb9ce6c",
            "default_security_group_id": "sg-00d1685dc62c3587c",
            "dhcp_options_id": "dopt-07c7dbe5c8e358caa",
            "enable_dns_hostnames": true,
            "enable_dns_support": true,
            "enable_network_address_usage_metrics": false,
            "id": "vpc-05a716c5ee53cba93",
            "instance_tenancy": "default",
            "ipv4_ipam_pool_id": null,
            "ipv4_netmask_length": null,
            "ipv6_association_id": "",
            "ipv6_cidr_block": "",
            "ipv6_cidr_block_network_border_group": "",
            "ipv6_ipam_pool_id": "",
            "ipv6_netmask_length": 0,
            "main_route_table_id": "rtb-06d3640e6cbb9ce6c",
            "owner_id": "626614672806",
            "tags": {
              "Name": "MegaTicket-DR-VPC"
            },
            "tags_all": {
              "Environment": "test-DR",
              "ManagedBy": "Terraform",
              "Name": "MegaTicket-DR-VPC",
              "Project": "MegaTicket"
            }
          },
          "sensitive_attributes": [],
          "identity_schema_version": 0,
          "private": "eyJzY2hlbWFfdmVyc2lvbiI6IjEifQ==",
          "create_before_destroy": true
        }
      ]
    },
    {
      "mode": "managed",
      "type": "aws_vpc_endpoint",
      "name": "dynamodb",
      "provider": "provider[\"registry.terraform.io/hashicorp/aws\"]",
      "instances": [
        {
          "schema_version": 0,
          "attributes": {
            "arn": "arn:aws:ec2:ap-northeast-1:626614672806:vpc-endpoint/vpce-072f3fb32de2efa1a",
            "auto_accept": null,
            "cidr_blocks": [
              "52.94.8.0/24",
              "13.248.69.0/24",
              "13.248.70.0/24",
              "35.71.114.0/25",
              "35.71.114.128/26"
            ],
            "dns_entry": [],
            "dns_options": [
              {
                "dns_record_ip_type": "service-defined",
                "private_dns_only_for_inbound_resolver_endpoint": false
              }
            ],
            "id": "vpce-072f3fb32de2efa1a",
            "ip_address_type": "ipv4",
            "network_interface_ids": [],
            "owner_id": "626614672806",
            "policy": "{\"Statement\":[{\"Action\":\"*\",\"Effect\":\"Allow\",\"Principal\":\"*\",\"Resource\":\"*\"}],\"Version\":\"2008-10-17\"}",
            "prefix_list_id": "pl-78a54011",
            "private_dns_enabled": false,
            "requester_managed": false,
            "resource_configuration_arn": "",
            "route_table_ids": [
              "rtb-0eb3eda78747d2d96"
            ],
            "security_group_ids": [],
            "service_name": "com.amazonaws.ap-northeast-1.dynamodb",
            "service_network_arn": "",
            "service_region": "ap-northeast-1",
            "state": "available",
            "subnet_configuration": [],
            "subnet_ids": [],
            "tags": {
              "Name": "MegaTicket-DR-DynamoDB-Endpoint"
            },
            "tags_all": {
              "Environment": "test-DR",
              "ManagedBy": "Terraform",
              "Name": "MegaTicket-DR-DynamoDB-Endpoint",
              "Project": "MegaTicket"
            },
            "timeouts": null,
            "vpc_endpoint_type": "Gateway",
            "vpc_id": "vpc-05a716c5ee53cba93"
          },
          "sensitive_attributes": [],
          "identity_schema_version": 0,
          "private": "eyJlMmJmYjczMC1lY2FhLTExZTYtOGY4OC0zNDM2M2JjN2M0YzAiOnsiY3JlYXRlIjo2MDAwMDAwMDAwMDAsImRlbGV0ZSI6NjAwMDAwMDAwMDAwLCJ1cGRhdGUiOjYwMDAwMDAwMDAwMH19",
          "dependencies": [
            "aws_eip.nat",
            "aws_internet_gateway.dr",
            "aws_nat_gateway.dr",
            "aws_route_table.private",
            "aws_subnet.public_a",
            "aws_vpc.dr"
          ]
        }
      ]
    }
  ],
  "check_results": null
}
